Microsoft Visual Studio Solution File, Format Version 11.00
# Visual Studio 2010
Project("{66D0EA5F-2182-F4F5-8C37-2827E7CCF32E}") = "SoundAnalyser", "SoundAnalyser.vcxproj", "{9A49FC26-66C4-89A7-B83A-794383B2E69E}"
EndProject
Global
	GlobalSection(SolutionConfigurationPlatforms) = preSolution
		Debug|Win32 = Debug|Win32
		Release|Win32 = Release|Win32
	EndGlobalSection
	GlobalSection(ProjectConfigurationPlatforms) = postSolution
		{9A49FC26-66C4-89A7-B83A-794383B2E69E}.Debug|Win32.ActiveCfg = Debug|Win32
		{9A49FC26-66C4-89A7-B83A-794383B2E69E}.Debug|Win32.Build.0 = Debug|Win32
		{9A49FC26-66C4-89A7-B83A-794383B2E69E}.Release|Win32.ActiveCfg = Release|Win32
		{9A49FC26-66C4-89A7-B83A-794383B2E69E}.Release|Win32.Build.0 = Release|Win32
	EndGlobalSection
	GlobalSection(SolutionProperties) = preSolution
		HideSolutionNode = FALSE
	EndGlobalSection
EndGlobal
