// !$*UTF8*$!
{
	archiveVersion = 1;
	classes = {
	};
	objectVersion = 46;
	objects = {
		C4B235BD37E8C07663522991 = {
			isa = PBXBuildFile;
			fileRef = 05648698B26B743E905403CC;
		};
		5C53E0BD00AE0AE2E7B54906 = {
			isa = PBXBuildFile;
			fileRef = 30CF5540AEC602252A7F0C69;
		};
		C1D4309C687A059666272D5B = {
			isa = PBXBuildFile;
			fileRef = 44661D4C435793235CC70B32;
		};
		53DE4C7728CE2576A2705F82 = {
			isa = PBXBuildFile;
			fileRef = AE2B10CE76154321FADE4BE2;
		};
		68B2E61B4E2C82E769732E84 = {
			isa = PBXBuildFile;
			fileRef = 2511CC3323CC3D2C375D2655;
		};
		BC8F34B094D1AC27332C7EF8 = {
			isa = PBXBuildFile;
			fileRef = 9F26BAF68F3EFA3C487D5E4A;
		};
		D4B84EEE3AB900B7C31A1A90 = {
			isa = PBXBuildFile;
			fileRef = D1683989DC4E4FDC985A74C2;
		};
		65252A54256CD0278CCAA891 = {
			isa = PBXBuildFile;
			fileRef = 02A4E0C1D8CE397DAE684467;
		};
		D83A209E81CCB9B48636E6F9 = {
			isa = PBXBuildFile;
			fileRef = 91D68AC2781B750E09BABDAE;
		};
		C259D2C116013F03D7D3F67C = {
			isa = PBXBuildFile;
			fileRef = 2489BE25BCE01F85E24F9F44;
		};
		8713B809BC69560A2BBACE13 = {
			isa = PBXBuildFile;
			fileRef = 2EC57E05E32844AFAA693C08;
		};
		03D4D92928D2087653DDA067 = {
			isa = PBXBuildFile;
			fileRef = 1E3CD8291154149EC426BCB5;
		};
		1FAE7BAA37BF5C58479D5EB1 = {
			isa = PBXBuildFile;
			fileRef = B751211E66D6E2B1573045C0;
		};
		D618FA86E258279B63939783 = {
			isa = PBXBuildFile;
			fileRef = BDBEB0C47EE34FF8921A3227;
		};
		9D8417925125F5A3375E6A80 = {
			isa = PBXBuildFile;
			fileRef = 30E7565BBFCF8D2299311C80;
		};
		BA2A4063A0C8E81E78B403BB = {
			isa = PBXBuildFile;
			fileRef = CE490E21A3FD906AB14D30CD;
		};
		FDBD322D656084DA2FF23C65 = {
			isa = PBXBuildFile;
			fileRef = 8209A67E60C6380A92794D3A;
		};
		FF1002834AF7A22E7EB476D3 = {
			isa = PBXBuildFile;
			fileRef = 831146C9F1C2E8D99C8DB3FF;
		};
		8C73CE84ED6BDC40DEE7E3E3 = {
			isa = PBXBuildFile;
			fileRef = C0F44B699570C59A752F4EAA;
		};
		ED1FDF8C41B502F4D3BD7443 = {
			isa = PBXBuildFile;
			fileRef = C3CF5A711E89A0D12620AA86;
		};
		F2CD0F039201509512DE0D94 = {
			isa = PBXBuildFile;
			fileRef = 6A0741B7D7AD9538C1786A7A;
		};
		2DF6C97FBAB6B393343145AD = {
			isa = PBXBuildFile;
			fileRef = 1C4492F7C4ADECC3170E1B88;
		};
		249A0E7F97C75B48A6EE48AE = {
			isa = PBXBuildFile;
			fileRef = 2133C030D4838042C6275D71;
		};
		79BBA04ED6077B8827B1BB2B = {
			isa = PBXBuildFile;
			fileRef = 402C050197A3AC0F8792B3FB;
		};
		41C7019FB8F12CD91C3A14D0 = {
			isa = PBXBuildFile;
			fileRef = 45F35390C2558FFDAD5F7BE1;
		};
		76F759E0E26DD3A70622A6DC = {
			isa = PBXBuildFile;
			fileRef = B8B16F748BAB283E383CCC95;
		};
		87B526157C6907611F23D3B5 = {
			isa = PBXBuildFile;
			fileRef = 9085E3E5266CF9463E3A07F8;
		};
		2E79D1CB0CDB375029C7D60E = {
			isa = PBXBuildFile;
			fileRef = 7537399706BFCBC3667E9B79;
		};
		7EE7D72634798AECC8DBB797 = {
			isa = PBXBuildFile;
			fileRef = 9105C07AD192FE906E5F258E;
		};
		70B712912955EA25EB10391C = {
			isa = PBXBuildFile;
			fileRef = CE66D0261295716DC02D17B8;
		};
		8862973E8779C830260736DF = {
			isa = PBXBuildFile;
			fileRef = 17F2B8EC1DDDC9AB09B03656;
		};
		8CF2F8F5ECD71A2DC1786E32 = {
			isa = PBXBuildFile;
			fileRef = B52CB6681E8F927ACD6A5C2C;
		};
		7128EF7A4C5D524FBF8ACDE0 = {
			isa = PBXBuildFile;
			fileRef = FEBA4EEA127E9D71F1A2C223;
		};
		018B1FDB0040D7C42BF8A025 = {
			isa = PBXBuildFile;
			fileRef = E4E0AD712AE31322165015C0;
		};
		89125B1A7F5109E966DABDA0 = {
			isa = PBXBuildFile;
			fileRef = C672FCC369EE762849659191;
		};
		0F8233BB9EDDA29E5C7B3ED5 = {
			isa = PBXBuildFile;
			fileRef = CE13681468099B32145D9003;
		};
		6A67914D29C27DA93E5FCD47 = {
			isa = PBXBuildFile;
			fileRef = E1B822FB49FEA8711D3BCFEA;
		};
		5915CEC1C5CEBFE04F69A70C = {
			isa = PBXBuildFile;
			fileRef = C38A0877B020E4C6990E7B60;
		};
		3BCEA4F6A394CF01E3580C47 = {
			isa = PBXBuildFile;
			fileRef = 359349E94E72638FA8EB175F;
		};
		801AD5B26B195A6FC452486F = {
			isa = PBXBuildFile;
			fileRef = 0937B5AA63A63F8AC9875399;
		};
		1DAB41C5FC2B8A614A5161ED = {
			isa = PBXBuildFile;
			fileRef = 9A3E7A66B0BC317489FC89C9;
		};
		DA139DDD8F54ECA6567826F4 = {
			isa = PBXBuildFile;
			fileRef = D542D772667F2B29AAA690F0;
		};
		8B2CA4C6A5899C96D2FFF27E = {
			isa = PBXBuildFile;
			fileRef = 976A8695B6F0DE5476F05399;
		};
		31D277DE46F405EC464EB667 = {
			isa = PBXBuildFile;
			fileRef = C8A6834766751D3B41FABB4F;
		};
		1225D770F8337D8035A1D9CC = {
			isa = PBXBuildFile;
			fileRef = 4D24C7DD896D9C1CDBBFC2E3;
		};
		78265B4D046D5038A76132D6 = {
			isa = PBXBuildFile;
			fileRef = 180FCA1BA35777BED387D3EF;
		};
		60908DFD120C17E4617EA340 = {
			isa = PBXBuildFile;
			fileRef = 6E15C209098A10BA459D99B8;
		};
		4507E1CB504BEE19138F9317 = {
			isa = PBXBuildFile;
			fileRef = 3F355A020C5A88530869DCA3;
		};
		2A24F828F2E69317E749C1FD = {
			isa = PBXBuildFile;
			fileRef = 90B2AD242A124F17E3ACA62A;
		};
		7E0510AE5566F3F951891EFA = {
			isa = PBXBuildFile;
			fileRef = 847BB41A20F3907B429C3311;
		};
		8AEB32A1794EE3A9F1CF26F8 = {
			isa = PBXBuildFile;
			fileRef = 1418D3F4C288B5E59663984E;
		};
		895B5367B20FB54AE3597CF6 = {
			isa = PBXBuildFile;
			fileRef = CEE68C7A69819288F0CFC1A8;
		};
		93A7AEC4922FBF903A6A06E0 = {
			isa = PBXBuildFile;
			fileRef = C5FAC36C34560323AE8BF63B;
		};
		3EAB2C43E35CA6DD827B619D = {
			isa = PBXBuildFile;
			fileRef = DAA9E56FA074F0DFAAAAF463;
		};
		4F9A99F37B72096C5A6A883F = {
			isa = PBXBuildFile;
			fileRef = 7D72E108F8D81102880AD1AF;
		};
		3969C6B945B84C7D819DE782 = {
			isa = PBXBuildFile;
			fileRef = EDE3C0D0BAC473DB49178357;
		};
		A55E03C9817F3F011B47E01D = {
			isa = PBXBuildFile;
			fileRef = 78FD33D1ADEA868E04D4D969;
		};
		4B4D3714A9DD5DFD42E8C407 = {
			isa = PBXBuildFile;
			fileRef = 56CE902A6D34C0A373C0E863;
		};
		6627EE4FA4F557AC144BA272 = {
			isa = PBXBuildFile;
			fileRef = 4793BFE09897B9EDECE4A480;
		};
		8CE1AA791095F76BC44953D4 = {
			isa = PBXBuildFile;
			fileRef = CE3053501239354D422336C8;
		};
		E6465B10960D78AF333D61BD = {
			isa = PBXBuildFile;
			fileRef = E3C54A4860DC37F2076C2454;
		};
		241D4023513DFF5592BCAB17 = {
			isa = PBXBuildFile;
			fileRef = CB457CFE28C4F935D75CA239;
		};
		6304A830CDD86303A1E7E085 = {
			isa = PBXBuildFile;
			fileRef = 4AC910569329EBB57961A0EA;
		};
		68F0DAADC33577A6A82E5A3E = {
			isa = PBXBuildFile;
			fileRef = 59C04C221786A5B93CF26404;
		};
		16CF51138852EB4C10A59CF6 = {
			isa = PBXBuildFile;
			fileRef = BFE4FD103F2CA3CB3E053C1E;
		};
		09A5B1B22F0EFAFA23454003 = {
			isa = PBXBuildFile;
			fileRef = 16FDC849DE39C0381C342BC9;
		};
		AD7B2B96697483E9A524BB45 = {
			isa = PBXBuildFile;
			fileRef = DD9AB1235A9B3A0825A51920;
		};
		02883C9DF565D7F3CD6AB1C2 = {
			isa = PBXFileReference;
			lastKnownFileType = file.ttf;
			name = "Lato-ThinItalic.ttf";
			path = "../../Fonts/Lato/Lato-ThinItalic.ttf";
			sourceTree = "SOURCE_ROOT";
		};
		02A4E0C1D8CE397DAE684467 = {
			isa = PBXFileReference;
			lastKnownFileType = wrapper.framework;
			name = AVKit.framework;
			path = System/Library/Frameworks/AVKit.framework;
			sourceTree = SDKROOT;
		};
		02CC1AF3FEC224869730B2AF = {
			isa = PBXFileReference;
			lastKnownFileType = sourcecode.c.h;
			name = Gist.h;
			path = ../../Libs/Gist/src/Gist.h;
			sourceTree = "SOURCE_ROOT";
		};
		05648698B26B743E905403CC = {
			isa = PBXFileReference;
			explicitFileType = wrapper.cfbundle;
			includeInIndex = 0;
			path = "Sound Analyser.component";
			sourceTree = "BUILT_PRODUCTS_DIR";
		};
		05AA864F276DE3D94BBD948D = {
			isa = PBXFileReference;
			lastKnownFileType = file;
			name = "juce_osc";
			path = "/Users/adamstark/Documents/Code/SDKs/JUCE/modules/juce_osc";
			sourceTree = "<absolute>";
		};
		062E65E3CA8258CECD361F63 = {
			isa = PBXFileReference;
			lastKnownFileType = file.ttf;
			name = "Lato-Italic.ttf";
			path = "../../Fonts/Lato/Lato-Italic.ttf";
			sourceTree = "SOURCE_ROOT";
		};
		0782BC5885032592ABF6B5E2 = {
			isa = PBXFileReference;
			lastKnownFileType = sourcecode.c.h;
			name = "os_support.h";
			path = "../../Libs/speex/libspeex/os_support.h";
			sourceTree = "SOURCE_ROOT";
		};
		07D2E8B0720698268DBAA1CA = {
			isa = PBXFileReference;
			lastKnownFileType = file;
			name = "juce_audio_basics";
			path = "/Users/adamstark/Documents/Code/SDKs/JUCE/modules/juce_audio_basics";
			sourceTree = "<absolute>";
		};
		0937B5AA63A63F8AC9875399 = {
			isa = PBXFileReference;
			lastKnownFileType = sourcecode.cpp.cpp;
			name = Yin.cpp;
			path = ../../Libs/Gist/src/pitch/Yin.cpp;
			sourceTree = "SOURCE_ROOT";
		};
		0B561D2BAABC082522897DF9 = {
			isa = PBXFileReference;
			lastKnownFileType = file;
			name = COPYING;
			path = ../../Libs/speex/COPYING;
			sourceTree = "SOURCE_ROOT";
		};
		0BC411327E2ED9C779369309 = {
			isa = PBXFileReference;
			lastKnownFileType = file;
			name = "juce_opengl";
			path = "/Users/adamstark/Documents/Code/SDKs/JUCE/modules/juce_opengl";
			sourceTree = "<absolute>";
		};
		0C7EFED12736DD87AD95173E = {
			isa = PBXFileReference;
			lastKnownFileType = file;
			name = "juce_audio_formats";
			path = "/Users/adamstark/Documents/Code/SDKs/JUCE/modules/juce_audio_formats";
			sourceTree = "<absolute>";
		};
		110355B2E1F72456F121EE92 = {
			isa = PBXFileReference;
			lastKnownFileType = sourcecode.c.h;
			name = kissfft.hh;
			path = "../../Libs/kiss_fft130/kissfft.hh";
			sourceTree = "SOURCE_ROOT";
		};
		1276D0BF8914C410EFFF6E89 = {
			isa = PBXFileReference;
			lastKnownFileType = sourcecode.c.h;
			name = "kiss_fft.h";
			path = "../../Libs/kiss_fft130/kiss_fft.h";
			sourceTree = "SOURCE_ROOT";
		};
		1418D3F4C288B5E59663984E = {
			isa = PBXFileReference;
			lastKnownFileType = sourcecode.cpp.objcpp;
			name = "include_juce_audio_plugin_client_AU_1.mm";
			path = "../../JuceLibraryCode/include_juce_audio_plugin_client_AU_1.mm";
			sourceTree = "SOURCE_ROOT";
		};
		1584E0EF5D8ABBA5B9424E70 = {
			isa = PBXFileReference;
			lastKnownFileType = sourcecode.c.h;
			name = PluginProcessor.h;
			path = ../../Source/PluginProcessor.h;
			sourceTree = "SOURCE_ROOT";
		};
		15E70FE5FC0DF1887E09BB21 = {
			isa = PBXFileReference;
			lastKnownFileType = sourcecode.c.h;
			name = RMS.h;
			path = ../../Source/Modules/RMS.h;
			sourceTree = "SOURCE_ROOT";
		};
		16FDC849DE39C0381C342BC9 = {
			isa = PBXFileReference;
			lastKnownFileType = sourcecode.cpp.cpp;
			name = "include_juce_osc.cpp";
			path = "../../JuceLibraryCode/include_juce_osc.cpp";
			sourceTree = "SOURCE_ROOT";
		};
		17F2B8EC1DDDC9AB09B03656 = {
			isa = PBXFileReference;
			lastKnownFileType = sourcecode.cpp.cpp;
			name = SimpleAnalysisComponent.cpp;
			path = ../../Source/GUI/SimpleAnalysisComponent.cpp;
			sourceTree = "SOURCE_ROOT";
		};
		180FCA1BA35777BED387D3EF = {
			isa = PBXFileReference;
			lastKnownFileType = sourcecode.cpp.cpp;
			name = BinaryData.cpp;
			path = ../../JuceLibraryCode/BinaryData.cpp;
			sourceTree = "SOURCE_ROOT";
		};
		1A0524138A619254619A959C = {
			isa = PBXFileReference;
			lastKnownFileType = sourcecode.c.h;
			name = FFTComponent.h;
			path = "../../Source/GUI/Custom Analysis Components/FFTComponent.h";
			sourceTree = "SOURCE_ROOT";
		};
		1AB019DC8C12BB3FB35FC152 = {
			isa = PBXFileReference;
			lastKnownFileType = file;
			name = "juce_audio_utils";
			path = "/Users/adamstark/Documents/Code/SDKs/JUCE/modules/juce_audio_utils";
			sourceTree = "<absolute>";
		};
		1C4492F7C4ADECC3170E1B88 = {
			isa = PBXFileReference;
			lastKnownFileType = sourcecode.cpp.cpp;
			name = AudioAnalysis.cpp;
			path = "../../Source/Audio Analysis/AudioAnalysis.cpp";
			sourceTree = "SOURCE_ROOT";
		};
		1E3CD8291154149EC426BCB5 = {
			isa = PBXFileReference;
			lastKnownFileType = wrapper.framework;
			name = CoreAudioKit.framework;
			path = System/Library/Frameworks/CoreAudioKit.framework;
			sourceTree = SDKROOT;
		};
		2133C030D4838042C6275D71 = {
			isa = PBXFileReference;
			lastKnownFileType = sourcecode.cpp.cpp;
			name = AudioAnalysisBuffer.cpp;
			path = "../../Source/Audio Analysis/AudioAnalysisBuffer.cpp";
			sourceTree = "SOURCE_ROOT";
		};
		2351FAA0733847B3070491F9 = {
			isa = PBXFileReference;
			lastKnownFileType = sourcecode.c.h;
			name = "_kiss_fft_guts.h";
			path = "../../Libs/kiss_fft130/_kiss_fft_guts.h";
			sourceTree = "SOURCE_ROOT";
		};
		2489BE25BCE01F85E24F9F44 = {
			isa = PBXFileReference;
			lastKnownFileType = wrapper.framework;
			name = Cocoa.framework;
			path = System/Library/Frameworks/Cocoa.framework;
			sourceTree = SDKROOT;
		};
		2511CC3323CC3D2C375D2655 = {
			isa = PBXFileReference;
			lastKnownFileType = wrapper.framework;
			name = Accelerate.framework;
			path = System/Library/Frameworks/Accelerate.framework;
			sourceTree = SDKROOT;
		};
		26F9AA9AFE13B7B9B64B4381 = {
			isa = PBXFileReference;
			lastKnownFileType = sourcecode.c.h;
			name = PeakEnergy.h;
			path = ../../Source/Modules/PeakEnergy.h;
			sourceTree = "SOURCE_ROOT";
		};
		2DD67AA37D3701E3DA3B125D = {
			isa = PBXFileReference;
			lastKnownFileType = sourcecode.c.h;
			name = OnsetDetectionFunction.h;
			path = "../../Libs/Gist/src/onset-detection-functions/OnsetDetectionFunction.h";
			sourceTree = "SOURCE_ROOT";
		};
		2E2036B17BD8514E13E5EC22 = {
			isa = PBXFileReference;
			lastKnownFileType = sourcecode.c.h;
			name = CoreTimeDomainFeatures.h;
			path = ../../Libs/Gist/src/core/CoreTimeDomainFeatures.h;
			sourceTree = "SOURCE_ROOT";
		};
		2EC57E05E32844AFAA693C08 = {
			isa = PBXFileReference;
			lastKnownFileType = wrapper.framework;
			name = CoreAudio.framework;
			path = System/Library/Frameworks/CoreAudio.framework;
			sourceTree = SDKROOT;
		};
		30CF5540AEC602252A7F0C69 = {
			isa = PBXFileReference;
			explicitFileType = wrapper.application;
			includeInIndex = 0;
			path = "Sound Analyser.app";
			sourceTree = "BUILT_PRODUCTS_DIR";
		};
		30E7565BBFCF8D2299311C80 = {
			isa = PBXFileReference;
			lastKnownFileType = wrapper.framework;
			name = DiscRecording.framework;
			path = System/Library/Frameworks/DiscRecording.framework;
			sourceTree = SDKROOT;
		};
		316A86D42CCC4601E588A337 = {
			isa = PBXFileReference;
			lastKnownFileType = sourcecode.c.h;
			name = Chromagram.h;
			path = "../../Libs/Stark-Plumbley/Chromagram.h";
			sourceTree = "SOURCE_ROOT";
		};
		32FE1F93EB9CB42A357A8F24 = {
			isa = PBXFileReference;
			lastKnownFileType = sourcecode.c.h;
			name = "SP_Chromagram.h";
			path = "../../Source/Modules/SP_Chromagram.h";
			sourceTree = "SOURCE_ROOT";
		};
		344A916FC29133373371A4AB = {
			isa = PBXFileReference;
			lastKnownFileType = sourcecode.c.h;
			name = SimpleAnalysisComponent.h;
			path = ../../Source/GUI/SimpleAnalysisComponent.h;
			sourceTree = "SOURCE_ROOT";
		};
		347E9538A9781D8FA92AA928 = {
			isa = PBXFileReference;
			lastKnownFileType = sourcecode.c.h;
			name = TaskQueue.h;
			path = ../../Source/Utilities/TaskQueue.h;
			sourceTree = "SOURCE_ROOT";
		};
		359349E94E72638FA8EB175F = {
			isa = PBXFileReference;
			lastKnownFileType = sourcecode.cpp.cpp;
			name = OnsetDetectionFunction.cpp;
			path = "../../Libs/Gist/src/onset-detection-functions/OnsetDetectionFunction.cpp";
			sourceTree = "SOURCE_ROOT";
		};
		36D37FE2F232BC5DA749B4E5 = {
			isa = PBXFileReference;
			lastKnownFileType = image.png;
			name = tex2.png;
			path = "../../Source/Binary Data/tex2.png";
			sourceTree = "SOURCE_ROOT";
		};
		3BA3453320535A6FC9E134B1 = {
			isa = PBXFileReference;
			lastKnownFileType = file;
			name = "juce_video";
			path = "/Users/adamstark/Documents/Code/SDKs/JUCE/modules/juce_video";
			sourceTree = "<absolute>";
		};
		3E87E4ADE909F7421C663636 = {
			isa = PBXFileReference;
			lastKnownFileType = file;
			name = "juce_cryptography";
			path = "/Users/adamstark/Documents/Code/SDKs/JUCE/modules/juce_cryptography";
			sourceTree = "<absolute>";
		};
		3F355A020C5A88530869DCA3 = {
			isa = PBXFileReference;
			lastKnownFileType = sourcecode.cpp.objcpp;
			name = "include_juce_audio_devices.mm";
			path = "../../JuceLibraryCode/include_juce_audio_devices.mm";
			sourceTree = "SOURCE_ROOT";
		};
		402C050197A3AC0F8792B3FB = {
			isa = PBXFileReference;
			lastKnownFileType = sourcecode.cpp.cpp;
			name = AudioAnalysisManager.cpp;
			path = "../../Source/Audio Analysis/AudioAnalysisManager.cpp";
			sourceTree = "SOURCE_ROOT";
		};
		44661D4C435793235CC70B32 = {
			isa = PBXFileReference;
			explicitFileType = archive.ar;
			includeInIndex = 0;
			path = "libSound Analyser.a";
			sourceTree = "BUILT_PRODUCTS_DIR";
		};
		44F3B35A11E8412AE2F7F05B = {
			isa = PBXFileReference;
			lastKnownFileType = sourcecode.c.h;
			name = MelFrequencySpectrum.h;
			path = ../../Source/Modules/MelFrequencySpectrum.h;
			sourceTree = "SOURCE_ROOT";
		};
		45F35390C2558FFDAD5F7BE1 = {
			isa = PBXFileReference;
			lastKnownFileType = sourcecode.cpp.cpp;
			name = FFTComponent.cpp;
			path = "../../Source/GUI/Custom Analysis Components/FFTComponent.cpp";
			sourceTree = "SOURCE_ROOT";
		};
		4793BFE09897B9EDECE4A480 = {
			isa = PBXFileReference;
			lastKnownFileType = sourcecode.cpp.objcpp;
			name = "include_juce_cryptography.mm";
			path = "../../JuceLibraryCode/include_juce_cryptography.mm";
			sourceTree = "SOURCE_ROOT";
		};
		489E225EDC00588992DCEBBD = {
			isa = PBXFileReference;
			lastKnownFileType = text.plist.xml;
			name = "Info-AU.plist";
			path = "Info-AU.plist";
			sourceTree = "SOURCE_ROOT";
		};
		4AC910569329EBB57961A0EA = {
			isa = PBXFileReference;
			lastKnownFileType = sourcecode.cpp.objcpp;
			name = "include_juce_gui_basics.mm";
			path = "../../JuceLibraryCode/include_juce_gui_basics.mm";
			sourceTree = "SOURCE_ROOT";
		};
		4D24C7DD896D9C1CDBBFC2E3 = {
			isa = PBXFileReference;
			lastKnownFileType = sourcecode.cpp.cpp;
			name = Chromagram.cpp;
			path = "../../Libs/Stark-Plumbley/Chromagram.cpp";
			sourceTree = "SOURCE_ROOT";
		};
		5149575AABED452CEE39D6E5 = {
			isa = PBXFileReference;
			lastKnownFileType = file.ttf;
			name = "Lato-Light.ttf";
			path = "../../Fonts/Lato/Lato-Light.ttf";
			sourceTree = "SOURCE_ROOT";
		};
		51CDEA3A2895E100DEA488CB = {
			isa = PBXFileReference;
			lastKnownFileType = file.ttf;
			name = "Lato-Black.ttf";
			path = "../../Fonts/Lato/Lato-Black.ttf";
			sourceTree = "SOURCE_ROOT";
		};
		56CE902A6D34C0A373C0E863 = {
			isa = PBXFileReference;
			lastKnownFileType = sourcecode.cpp.objcpp;
			name = "include_juce_core.mm";
			path = "../../JuceLibraryCode/include_juce_core.mm";
			sourceTree = "SOURCE_ROOT";
		};
		59C04C221786A5B93CF26404 = {
			isa = PBXFileReference;
			lastKnownFileType = sourcecode.cpp.objcpp;
			name = "include_juce_gui_extra.mm";
			path = "../../JuceLibraryCode/include_juce_gui_extra.mm";
			sourceTree = "SOURCE_ROOT";
		};
		5B07CDF5B0E56F2465E84AE1 = {
			isa = PBXFileReference;
			lastKnownFileType = sourcecode.c.h;
			name = AudioAnalysisManager.h;
			path = "../../Source/Audio Analysis/AudioAnalysisManager.h";
			sourceTree = "SOURCE_ROOT";
		};
		5BDA3CF7CF617470C4FC63DB = {
			isa = PBXFileReference;
			lastKnownFileType = file.ttf;
			name = "Lato-Thin.ttf";
			path = "../../Fonts/Lato/Lato-Thin.ttf";
			sourceTree = "SOURCE_ROOT";
		};
		5F15FB2BBB20099CA2FE3637 = {
			isa = PBXFileReference;
			lastKnownFileType = file;
			name = "juce_data_structures";
			path = "/Users/adamstark/Documents/Code/SDKs/JUCE/modules/juce_data_structures";
			sourceTree = "<absolute>";
		};
		60D29D2A3DC61F88EC5FB427 = {
			isa = PBXFileReference;
			lastKnownFileType = sourcecode.c.h;
			name = SpectralDifference.h;
			path = ../../Source/Modules/SpectralDifference.h;
			sourceTree = "SOURCE_ROOT";
		};
		6439BF2E8F3188EAA373372F = {
			isa = PBXFileReference;
			lastKnownFileType = file;
			name = README;
			path = ../../Libs/speex/README;
			sourceTree = "SOURCE_ROOT";
		};
		646D4E51147086049C91ED55 = {
			isa = PBXFileReference;
			lastKnownFileType = sourcecode.c.h;
			name = ChordDetector.h;
			path = "../../Libs/Stark-Plumbley/ChordDetector.h";
			sourceTree = "SOURCE_ROOT";
		};
		65B4FDE7970DD8FE699A48F4 = {
			isa = PBXFileReference;
			lastKnownFileType = file;
			name = "juce_gui_basics";
			path = "/Users/adamstark/Documents/Code/SDKs/JUCE/modules/juce_gui_basics";
			sourceTree = "<absolute>";
		};
		6647E72F9B1121B3F3D070D5 = {
			isa = PBXFileReference;
			lastKnownFileType = sourcecode.c.h;
			name = "speex_resampler.h";
			path = "../../Libs/speex/include/speex/speex_resampler.h";
			sourceTree = "SOURCE_ROOT";
		};
		6A0741B7D7AD9538C1786A7A = {
			isa = PBXFileReference;
			lastKnownFileType = sourcecode.cpp.cpp;
			name = AnalysisModel.cpp;
			path = "../../Source/Audio Analysis/AnalysisModel.cpp";
			sourceTree = "SOURCE_ROOT";
		};
		6B5E96FC5BF92BEF36F186C9 = {
			isa = PBXFileReference;
			lastKnownFileType = sourcecode.c.h;
			name = Yin.h;
			path = ../../Libs/Gist/src/pitch/Yin.h;
			sourceTree = "SOURCE_ROOT";
		};
		6E15C209098A10BA459D99B8 = {
			isa = PBXFileReference;
			lastKnownFileType = sourcecode.cpp.objcpp;
			name = "include_juce_audio_basics.mm";
			path = "../../JuceLibraryCode/include_juce_audio_basics.mm";
			sourceTree = "SOURCE_ROOT";
		};
		733543BBC6E8E9438851C2E0 = {
			isa = PBXFileReference;
			lastKnownFileType = sourcecode.c.h;
			name = AudioAnalysisBuffer.h;
			path = "../../Source/Audio Analysis/AudioAnalysisBuffer.h";
			sourceTree = "SOURCE_ROOT";
		};
		73A1A749620B0DA1F2D795AD = {
			isa = PBXFileReference;
			lastKnownFileType = sourcecode.c.h;
			name = ItemListComponent.h;
			path = ../../Source/GUI/ItemListComponent.h;
			sourceTree = "SOURCE_ROOT";
		};
		7454D37A2C5D75218F42BD3F = {
			isa = PBXFileReference;
			lastKnownFileType = file.ttf;
			name = "Lato-Regular.ttf";
			path = "../../Fonts/Lato/Lato-Regular.ttf";
			sourceTree = "SOURCE_ROOT";
		};
		7537399706BFCBC3667E9B79 = {
			isa = PBXFileReference;
			lastKnownFileType = sourcecode.cpp.cpp;
			name = EditableLabel.cpp;
			path = ../../Source/GUI/EditableLabel.cpp;
			sourceTree = "SOURCE_ROOT";
		};
		78FD33D1ADEA868E04D4D969 = {
			isa = PBXFileReference;
			lastKnownFileType = sourcecode.cpp.objcpp;
			name = "include_juce_audio_utils.mm";
			path = "../../JuceLibraryCode/include_juce_audio_utils.mm";
			sourceTree = "SOURCE_ROOT";
		};
		7928A244E82C90DB6A1639C4 = {
			isa = PBXFileReference;
			lastKnownFileType = sourcecode.c.h;
			name = JuceHeader.h;
			path = ../../JuceLibraryCode/JuceHeader.h;
			sourceTree = "SOURCE_ROOT";
		};
		7B92E3D356010E7C2D52F589 = {
			isa = PBXFileReference;
			lastKnownFileType = sourcecode.c.h;
			name = PluginLookAndFeel.h;
			path = ../../Source/GUI/PluginLookAndFeel.h;
			sourceTree = "SOURCE_ROOT";
		};
		7D72E108F8D81102880AD1AF = {
			isa = PBXFileReference;
			lastKnownFileType = sourcecode.cpp.objcpp;
			name = "include_juce_audio_plugin_client_VST_utils.mm";
			path = "../../JuceLibraryCode/include_juce_audio_plugin_client_VST_utils.mm";
			sourceTree = "SOURCE_ROOT";
		};
		7D968876907447F83740CCF5 = {
			isa = PBXFileReference;
			lastKnownFileType = sourcecode.c.h;
			name = AnalysisModel.h;
			path = "../../Source/Audio Analysis/AnalysisModel.h";
			sourceTree = "SOURCE_ROOT";
		};
		8209A67E60C6380A92794D3A = {
			isa = PBXFileReference;
			lastKnownFileType = wrapper.framework;
			name = OpenGL.framework;
			path = System/Library/Frameworks/OpenGL.framework;
			sourceTree = SDKROOT;
		};
		831146C9F1C2E8D99C8DB3FF = {
			isa = PBXFileReference;
			lastKnownFileType = wrapper.framework;
			name = QuartzCore.framework;
			path = System/Library/Frameworks/QuartzCore.framework;
			sourceTree = SDKROOT;
		};
		847BB41A20F3907B429C3311 = {
			isa = PBXFileReference;
			lastKnownFileType = file.r;
			name = "include_juce_audio_plugin_client_AU.r";
			path = "../../JuceLibraryCode/include_juce_audio_plugin_client_AU.r";
			sourceTree = "SOURCE_ROOT";
		};
		873CA2589ACFF6782BE33D76 = {
			isa = PBXFileReference;
			lastKnownFileType = sourcecode.c.h;
			name = FFTMagnitudeSpectrum.h;
			path = ../../Source/Modules/FFTMagnitudeSpectrum.h;
			sourceTree = "SOURCE_ROOT";
		};
		8D68A6F4DF522682779F9720 = {
			isa = PBXFileReference;
			lastKnownFileType = sourcecode.c.h;
			name = SpectralCrest.h;
			path = ../../Source/Modules/SpectralCrest.h;
			sourceTree = "SOURCE_ROOT";
		};
		9085E3E5266CF9463E3A07F8 = {
			isa = PBXFileReference;
			lastKnownFileType = sourcecode.cpp.cpp;
			name = AnalysisSelectionComponent.cpp;
			path = ../../Source/GUI/AnalysisSelectionComponent.cpp;
			sourceTree = "SOURCE_ROOT";
		};
		90B2AD242A124F17E3ACA62A = {
			isa = PBXFileReference;
			lastKnownFileType = sourcecode.cpp.objcpp;
			name = "include_juce_audio_formats.mm";
			path = "../../JuceLibraryCode/include_juce_audio_formats.mm";
			sourceTree = "SOURCE_ROOT";
		};
		9105C07AD192FE906E5F258E = {
			isa = PBXFileReference;
			lastKnownFileType = sourcecode.cpp.cpp;
			name = ItemListComponent.cpp;
			path = ../../Source/GUI/ItemListComponent.cpp;
			sourceTree = "SOURCE_ROOT";
		};
		91D68AC2781B750E09BABDAE = {
			isa = PBXFileReference;
			lastKnownFileType = wrapper.framework;
			name = Carbon.framework;
			path = System/Library/Frameworks/Carbon.framework;
			sourceTree = SDKROOT;
		};
		923F9C76891C6BB951F4B75F = {
			isa = PBXFileReference;
			lastKnownFileType = file.ttf;
			name = "Lato-BoldItalic.ttf";
			path = "../../Fonts/Lato/Lato-BoldItalic.ttf";
			sourceTree = "SOURCE_ROOT";
		};
		976A8695B6F0DE5476F05399 = {
			isa = PBXFileReference;
			lastKnownFileType = sourcecode.cpp.cpp;
			name = resample.cpp;
			path = ../../Libs/speex/libspeex/resample.cpp;
			sourceTree = "SOURCE_ROOT";
		};
		9A3E7A66B0BC317489FC89C9 = {
			isa = PBXFileReference;
			lastKnownFileType = sourcecode.cpp.cpp;
			name = Gist.cpp;
			path = ../../Libs/Gist/src/Gist.cpp;
			sourceTree = "SOURCE_ROOT";
		};
		9CA2123FCC0EAFCBA3B34993 = {
			isa = PBXFileReference;
			lastKnownFileType = text.txt;
			name = LICENSE.txt;
			path = "../../Libs/Stark-Plumbley/LICENSE.txt";
			sourceTree = "SOURCE_ROOT";
		};
		9F26BAF68F3EFA3C487D5E4A = {
			isa = PBXFileReference;
			lastKnownFileType = wrapper.framework;
			name = AudioToolbox.framework;
			path = System/Library/Frameworks/AudioToolbox.framework;
			sourceTree = SDKROOT;
		};
		A5F1B4657B01E83C8A63FEB7 = {
			isa = PBXFileReference;
			lastKnownFileType = sourcecode.c.h;
			name = WindowFunctions.h;
			path = ../../Libs/Gist/src/fft/WindowFunctions.h;
			sourceTree = "SOURCE_ROOT";
		};
		AADB903DC6CE28E6BDC7231D = {
			isa = PBXFileReference;
			lastKnownFileType = file.ttf;
			name = "Lato-LightItalic.ttf";
			path = "../../Fonts/Lato/Lato-LightItalic.ttf";
			sourceTree = "SOURCE_ROOT";
		};
		AE2B10CE76154321FADE4BE2 = {
			isa = PBXFileReference;
			lastKnownFileType = wrapper.framework;
			name = AudioUnit.framework;
			path = System/Library/Frameworks/AudioUnit.framework;
			sourceTree = SDKROOT;
		};
		B018073EA1E7EAB3ED8A076E = {
			isa = PBXFileReference;
			lastKnownFileType = sourcecode.c.h;
			name = ZeroCrossingRate.h;
			path = ../../Source/Modules/ZeroCrossingRate.h;
			sourceTree = "SOURCE_ROOT";
		};
		B15DC28623FFDEA43686000F = {
			isa = PBXFileReference;
			lastKnownFileType = file;
			name = "juce_core";
			path = "/Users/adamstark/Documents/Code/SDKs/JUCE/modules/juce_core";
			sourceTree = "<absolute>";
		};
		B52CB6681E8F927ACD6A5C2C = {
			isa = PBXFileReference;
			lastKnownFileType = sourcecode.cpp.cpp;
			name = PluginEditor.cpp;
			path = ../../Source/PluginEditor.cpp;
			sourceTree = "SOURCE_ROOT";
		};
		B751211E66D6E2B1573045C0 = {
			isa = PBXFileReference;
			lastKnownFileType = wrapper.framework;
			name = CoreMedia.framework;
			path = System/Library/Frameworks/CoreMedia.framework;
			sourceTree = SDKROOT;
		};
		B761F4754BD61739A6ED6A47 = {
			isa = PBXFileReference;
			lastKnownFileType = file.ttf;
			name = "Lato-Bold.ttf";
			path = "../../Fonts/Lato/Lato-Bold.ttf";
			sourceTree = "SOURCE_ROOT";
		};
		B7E12FD784FDAED8AB03CE3D = {
			isa = PBXFileReference;
			lastKnownFileType = text.txt;
			name = OFL.txt;
			path = ../../Fonts/Lato/OFL.txt;
			sourceTree = "SOURCE_ROOT";
		};
		B8B16F748BAB283E383CCC95 = {
			isa = PBXFileReference;
			lastKnownFileType = sourcecode.cpp.cpp;
			name = MelFreqSpecComponent.cpp;
			path = "../../Source/GUI/Custom Analysis Components/MelFreqSpecComponent.cpp";
			sourceTree = "SOURCE_ROOT";
		};
		BDBEB0C47EE34FF8921A3227 = {
			isa = PBXFileReference;
			lastKnownFileType = wrapper.framework;
			name = CoreMIDI.framework;
			path = System/Library/Frameworks/CoreMIDI.framework;
			sourceTree = SDKROOT;
		};
		BED949659883BBA5C72FEECF = {
			isa = PBXFileReference;
			lastKnownFileType = sourcecode.c.h;
			name = MFCC.h;
			path = ../../Libs/Gist/src/mfcc/MFCC.h;
			sourceTree = "SOURCE_ROOT";
		};
		BFE4FD103F2CA3CB3E053C1E = {
			isa = PBXFileReference;
			lastKnownFileType = sourcecode.cpp.objcpp;
			name = "include_juce_opengl.mm";
			path = "../../JuceLibraryCode/include_juce_opengl.mm";
			sourceTree = "SOURCE_ROOT";
		};
		C0F44B699570C59A752F4EAA = {
			isa = PBXFileReference;
			lastKnownFileType = wrapper.framework;
			name = WebKit.framework;
			path = System/Library/Frameworks/WebKit.framework;
			sourceTree = SDKROOT;
		};
		C19A5FE0550D2BA8CD47DE80 = {
			isa = PBXFileReference;
			lastKnownFileType = sourcecode.c.h;
			name = MelFreqSpecComponent.h;
			path = "../../Source/GUI/Custom Analysis Components/MelFreqSpecComponent.h";
			sourceTree = "SOURCE_ROOT";
		};
		C38A0877B020E4C6990E7B60 = {
			isa = PBXFileReference;
			lastKnownFileType = sourcecode.cpp.cpp;
			name = MFCC.cpp;
			path = ../../Libs/Gist/src/mfcc/MFCC.cpp;
			sourceTree = "SOURCE_ROOT";
		};
		C3CF5A711E89A0D12620AA86 = {
			isa = PBXFileReference;
			lastKnownFileType = file.nib;
			name = RecentFilesMenuTemplate.nib;
			path = RecentFilesMenuTemplate.nib;
			sourceTree = "SOURCE_ROOT";
		};
		C459395F1F5D92CA6C054EC4 = {
			isa = PBXFileReference;
			lastKnownFileType = sourcecode.c.h;
			name = "SP_ChordDetector.h";
			path = "../../Source/Modules/SP_ChordDetector.h";
			sourceTree = "SOURCE_ROOT";
		};
		C5FAC36C34560323AE8BF63B = {
			isa = PBXFileReference;
			lastKnownFileType = sourcecode.cpp.cpp;
			name = "include_juce_audio_plugin_client_Standalone.cpp";
			path = "../../JuceLibraryCode/include_juce_audio_plugin_client_Standalone.cpp";
			sourceTree = "SOURCE_ROOT";
		};
		C672FCC369EE762849659191 = {
			isa = PBXFileReference;
			lastKnownFileType = sourcecode.cpp.cpp;
			name = CoreTimeDomainFeatures.cpp;
			path = ../../Libs/Gist/src/core/CoreTimeDomainFeatures.cpp;
			sourceTree = "SOURCE_ROOT";
		};
		C8A6834766751D3B41FABB4F = {
			isa = PBXFileReference;
			lastKnownFileType = sourcecode.cpp.cpp;
			name = ChordDetector.cpp;
			path = "../../Libs/Stark-Plumbley/ChordDetector.cpp";
			sourceTree = "SOURCE_ROOT";
		};
		CB457CFE28C4F935D75CA239 = {
			isa = PBXFileReference;
			lastKnownFileType = sourcecode.cpp.objcpp;
			name = "include_juce_graphics.mm";
			path = "../../JuceLibraryCode/include_juce_graphics.mm";
			sourceTree = "SOURCE_ROOT";
		};
		CB7DBBD8075B4FEAF4BDA547 = {
			isa = PBXFileReference;
			lastKnownFileType = file;
			name = "juce_audio_plugin_client";
			path = "/Users/adamstark/Documents/Code/SDKs/JUCE/modules/juce_audio_plugin_client";
			sourceTree = "<absolute>";
		};
		CC6166D9F09C0D06BCAE0F3C = {
			isa = PBXFileReference;
			lastKnownFileType = file;
			name = README;
			path = ../../Libs/README;
			sourceTree = "SOURCE_ROOT";
		};
		CD3580479F088B3CB536C08D = {
			isa = PBXFileReference;
			lastKnownFileType = text.plist.xml;
			name = "Info-Standalone_Plugin.plist";
			path = "Info-Standalone_Plugin.plist";
			sourceTree = "SOURCE_ROOT";
		};
		CE13681468099B32145D9003 = {
			isa = PBXFileReference;
			lastKnownFileType = sourcecode.cpp.cpp;
			name = AccelerateFFT.cpp;
			path = ../../Libs/Gist/src/fft/AccelerateFFT.cpp;
			sourceTree = "SOURCE_ROOT";
		};
		CE3053501239354D422336C8 = {
			isa = PBXFileReference;
			lastKnownFileType = sourcecode.cpp.objcpp;
			name = "include_juce_data_structures.mm";
			path = "../../JuceLibraryCode/include_juce_data_structures.mm";
			sourceTree = "SOURCE_ROOT";
		};
		CE490E21A3FD906AB14D30CD = {
			isa = PBXFileReference;
			lastKnownFileType = wrapper.framework;
			name = IOKit.framework;
			path = System/Library/Frameworks/IOKit.framework;
			sourceTree = SDKROOT;
		};
		CE66D0261295716DC02D17B8 = {
			isa = PBXFileReference;
			lastKnownFileType = sourcecode.cpp.cpp;
			name = PluginLookAndFeel.cpp;
			path = ../../Source/GUI/PluginLookAndFeel.cpp;
			sourceTree = "SOURCE_ROOT";
		};
		CEE68C7A69819288F0CFC1A8 = {
			isa = PBXFileReference;
			lastKnownFileType = sourcecode.cpp.objcpp;
			name = "include_juce_audio_plugin_client_AU_2.mm";
			path = "../../JuceLibraryCode/include_juce_audio_plugin_client_AU_2.mm";
			sourceTree = "SOURCE_ROOT";
		};
		D097001AAB5A0E19A3CFA32D = {
			isa = PBXFileReference;
			lastKnownFileType = file;
			name = "juce_graphics";
			path = "/Users/adamstark/Documents/Code/SDKs/JUCE/modules/juce_graphics";
			sourceTree = "<absolute>";
		};
		D1683989DC4E4FDC985A74C2 = {
			isa = PBXFileReference;
			lastKnownFileType = wrapper.framework;
			name = AVFoundation.framework;
			path = System/Library/Frameworks/AVFoundation.framework;
			sourceTree = SDKROOT;
		};
		D2BA3A7A0D23952E51E880B0 = {
			isa = PBXFileReference;
			lastKnownFileType = sourcecode.c.h;
			name = AudioAnalysis.h;
			path = "../../Source/Audio Analysis/AudioAnalysis.h";
			sourceTree = "SOURCE_ROOT";
		};
		D42745B5C8A90FCABE30FA7E = {
			isa = PBXFileReference;
			lastKnownFileType = sourcecode.c.h;
			name = AccelerateFFT.h;
			path = ../../Libs/Gist/src/fft/AccelerateFFT.h;
			sourceTree = "SOURCE_ROOT";
		};
		D542D772667F2B29AAA690F0 = {
			isa = PBXFileReference;
			lastKnownFileType = sourcecode.c.c;
			name = "kiss_fft.c";
			path = "../../Libs/kiss_fft130/kiss_fft.c";
			sourceTree = "SOURCE_ROOT";
		};
		D99DFA7E7EFB96F2803A7EFB = {
			isa = PBXFileReference;
			lastKnownFileType = sourcecode.c.h;
			name = config.h;
			path = ../../Libs/speex/libspeex/config.h;
			sourceTree = "SOURCE_ROOT";
		};
		DAA9E56FA074F0DFAAAAF463 = {
			isa = PBXFileReference;
			lastKnownFileType = sourcecode.cpp.cpp;
			name = "include_juce_audio_plugin_client_utils.cpp";
			path = "../../JuceLibraryCode/include_juce_audio_plugin_client_utils.cpp";
			sourceTree = "SOURCE_ROOT";
		};
		DCA70E9DBA9603227C5FA4FA = {
			isa = PBXFileReference;
			lastKnownFileType = file;
			name = "juce_events";
			path = "/Users/adamstark/Documents/Code/SDKs/JUCE/modules/juce_events";
			sourceTree = "<absolute>";
		};
		DD9AB1235A9B3A0825A51920 = {
			isa = PBXFileReference;
			lastKnownFileType = sourcecode.cpp.objcpp;
			name = "include_juce_video.mm";
			path = "../../JuceLibraryCode/include_juce_video.mm";
			sourceTree = "SOURCE_ROOT";
		};
		DFD0A1034F538B9197F53E3D = {
			isa = PBXFileReference;
			lastKnownFileType = file;
			name = "juce_audio_processors";
			path = "/Users/adamstark/Documents/Code/SDKs/JUCE/modules/juce_audio_processors";
			sourceTree = "<absolute>";
		};
		E0AE128904FB1B6ECCB62547 = {
			isa = PBXFileReference;
			lastKnownFileType = sourcecode.c.h;
			name = Pitch.h;
			path = ../../Source/Modules/Pitch.h;
			sourceTree = "SOURCE_ROOT";
		};
		E183CACA41D1DBD1A8696BD0 = {
			isa = PBXFileReference;
			lastKnownFileType = file;
			name = "juce_gui_extra";
			path = "/Users/adamstark/Documents/Code/SDKs/JUCE/modules/juce_gui_extra";
			sourceTree = "<absolute>";
		};
		E1B822FB49FEA8711D3BCFEA = {
			isa = PBXFileReference;
			lastKnownFileType = sourcecode.cpp.cpp;
			name = WindowFunctions.cpp;
			path = ../../Libs/Gist/src/fft/WindowFunctions.cpp;
			sourceTree = "SOURCE_ROOT";
		};
		E1DDEEB843285624CA41C960 = {
			isa = PBXFileReference;
			lastKnownFileType = sourcecode.c.h;
			name = CoreFrequencyDomainFeatures.h;
			path = ../../Libs/Gist/src/core/CoreFrequencyDomainFeatures.h;
			sourceTree = "SOURCE_ROOT";
		};
		E34355EC78C32471B0BCABC5 = {
			isa = PBXFileReference;
			lastKnownFileType = sourcecode.c.h;
			name = AnalysisSelectionComponent.h;
			path = ../../Source/GUI/AnalysisSelectionComponent.h;
			sourceTree = "SOURCE_ROOT";
		};
		E3C54A4860DC37F2076C2454 = {
			isa = PBXFileReference;
			lastKnownFileType = sourcecode.cpp.objcpp;
			name = "include_juce_events.mm";
			path = "../../JuceLibraryCode/include_juce_events.mm";
			sourceTree = "SOURCE_ROOT";
		};
		E4E0AD712AE31322165015C0 = {
			isa = PBXFileReference;
			lastKnownFileType = sourcecode.cpp.cpp;
			name = CoreFrequencyDomainFeatures.cpp;
			path = ../../Libs/Gist/src/core/CoreFrequencyDomainFeatures.cpp;
			sourceTree = "SOURCE_ROOT";
		};
		E67DD875A1D79D882A765461 = {
			isa = PBXFileReference;
			lastKnownFileType = sourcecode.c.h;
			name = AppConfig.h;
			path = ../../JuceLibraryCode/AppConfig.h;
			sourceTree = "SOURCE_ROOT";
		};
		EA203C9D104AA77A32A1001E = {
			isa = PBXFileReference;
			lastKnownFileType = sourcecode.c.h;
			name = "speex_types.h";
			path = "../../Libs/speex/include/speex/speex_types.h";
			sourceTree = "SOURCE_ROOT";
		};
		EC6DC88E45592698BAFA894E = {
			isa = PBXFileReference;
			lastKnownFileType = file;
			name = COPYING;
			path = "../../Libs/kiss_fft130/COPYING";
			sourceTree = "SOURCE_ROOT";
		};
		ECE60E99F5A09BAC61BEACFB = {
			isa = PBXFileReference;
			lastKnownFileType = sourcecode.c.h;
			name = "stack_alloc.h";
			path = "../../Libs/speex/libspeex/stack_alloc.h";
			sourceTree = "SOURCE_ROOT";
		};
		ED888B9B9A137AD3B1ECF9EC = {
			isa = PBXFileReference;
			lastKnownFileType = sourcecode.c.h;
			name = EditableLabel.h;
			path = ../../Source/GUI/EditableLabel.h;
			sourceTree = "SOURCE_ROOT";
		};
		EDE3C0D0BAC473DB49178357 = {
			isa = PBXFileReference;
			lastKnownFileType = sourcecode.cpp.objcpp;
			name = "include_juce_audio_processors.mm";
			path = "../../JuceLibraryCode/include_juce_audio_processors.mm";
			sourceTree = "SOURCE_ROOT";
		};
		EE4FC11B5F349A763F831127 = {
			isa = PBXFileReference;
			lastKnownFileType = sourcecode.c.h;
			name = SpectralFlatness.h;
			path = ../../Source/Modules/SpectralFlatness.h;
			sourceTree = "SOURCE_ROOT";
		};
		EF5870FF1A822C530661722A = {
			isa = PBXFileReference;
			lastKnownFileType = file;
			name = README;
			path = "../../Libs/kiss_fft130/README";
			sourceTree = "SOURCE_ROOT";
		};
		F035A9E25FCE695DF443F508 = {
			isa = PBXFileReference;
			lastKnownFileType = file;
			name = AUTHORS;
			path = ../../Libs/speex/AUTHORS;
			sourceTree = "SOURCE_ROOT";
		};
		F1D5268206A13234389FBD0E = {
			isa = PBXFileReference;
			lastKnownFileType = sourcecode.c.h;
			name = BinaryData.h;
			path = ../../JuceLibraryCode/BinaryData.h;
			sourceTree = "SOURCE_ROOT";
		};
		F1E649D1A19ADF1ECAD3E2CD = {
			isa = PBXFileReference;
			lastKnownFileType = file;
			name = "juce_audio_devices";
			path = "/Users/adamstark/Documents/Code/SDKs/JUCE/modules/juce_audio_devices";
			sourceTree = "<absolute>";
		};
		F3DE24B3EC438995C54FDEF8 = {
			isa = PBXFileReference;
			lastKnownFileType = sourcecode.c.h;
			name = PluginEditor.h;
			path = ../../Source/PluginEditor.h;
			sourceTree = "SOURCE_ROOT";
		};
		F40F0C78CF2F382604B2A7A0 = {
			isa = PBXFileReference;
			lastKnownFileType = sourcecode.c.h;
			name = SpectralCentroid.h;
			path = ../../Source/Modules/SpectralCentroid.h;
			sourceTree = "SOURCE_ROOT";
		};
		FB6F8480BECB7308A6421563 = {
			isa = PBXFileReference;
			lastKnownFileType = sourcecode.c.h;
			name = arch.h;
			path = ../../Libs/speex/libspeex/arch.h;
			sourceTree = "SOURCE_ROOT";
		};
		FE2EBA81C6A2F56F36981CFC = {
			isa = PBXFileReference;
			lastKnownFileType = file.ttf;
			name = "Lato-BlackItalic.ttf";
			path = "../../Fonts/Lato/Lato-BlackItalic.ttf";
			sourceTree = "SOURCE_ROOT";
		};
		FEBA4EEA127E9D71F1A2C223 = {
			isa = PBXFileReference;
			lastKnownFileType = sourcecode.cpp.cpp;
			name = PluginProcessor.cpp;
			path = ../../Source/PluginProcessor.cpp;
			sourceTree = "SOURCE_ROOT";
		};
		8C776A5381A50CACC84EC330 = {
			isa = PBXGroup;
			children = (
				51CDEA3A2895E100DEA488CB,
				FE2EBA81C6A2F56F36981CFC,
				B761F4754BD61739A6ED6A47,
				923F9C76891C6BB951F4B75F,
				062E65E3CA8258CECD361F63,
				5149575AABED452CEE39D6E5,
				AADB903DC6CE28E6BDC7231D,
				7454D37A2C5D75218F42BD3F,
				5BDA3CF7CF617470C4FC63DB,
				02883C9DF565D7F3CD6AB1C2,
				B7E12FD784FDAED8AB03CE3D,
			);
			name = Lato;
			sourceTree = "<group>";
		};
		536C029D40B8075F7987CCEC = {
			isa = PBXGroup;
			children = (
				8C776A5381A50CACC84EC330,
			);
			name = Fonts;
			sourceTree = "<group>";
		};
		48B1F92BF64FC9C71E9A6EF7 = {
			isa = PBXGroup;
			children = (
				6A0741B7D7AD9538C1786A7A,
				7D968876907447F83740CCF5,
				1C4492F7C4ADECC3170E1B88,
				D2BA3A7A0D23952E51E880B0,
				2133C030D4838042C6275D71,
				733543BBC6E8E9438851C2E0,
				402C050197A3AC0F8792B3FB,
				5B07CDF5B0E56F2465E84AE1,
			);
			name = "Audio Analysis";
			sourceTree = "<group>";
		};
		68DC3D93CCF72FF2BF8EEFE4 = {
			isa = PBXGroup;
			children = (
				36D37FE2F232BC5DA749B4E5,
			);
			name = "Binary Data";
			sourceTree = "<group>";
		};
		3B88D55DD9A33BBC129E8B91 = {
			isa = PBXGroup;
			children = (
				45F35390C2558FFDAD5F7BE1,
				1A0524138A619254619A959C,
				B8B16F748BAB283E383CCC95,
				C19A5FE0550D2BA8CD47DE80,
			);
			name = "Custom Analysis Components";
			sourceTree = "<group>";
		};
		FB93A80988347CA22227DFB7 = {
			isa = PBXGroup;
			children = (
				3B88D55DD9A33BBC129E8B91,
				9085E3E5266CF9463E3A07F8,
				E34355EC78C32471B0BCABC5,
				7537399706BFCBC3667E9B79,
				ED888B9B9A137AD3B1ECF9EC,
				9105C07AD192FE906E5F258E,
				73A1A749620B0DA1F2D795AD,
				CE66D0261295716DC02D17B8,
				7B92E3D356010E7C2D52F589,
				17F2B8EC1DDDC9AB09B03656,
				344A916FC29133373371A4AB,
			);
			name = GUI;
			sourceTree = "<group>";
		};
		6B0A3C305090EC3BB906DB11 = {
			isa = PBXGroup;
			children = (
				873CA2589ACFF6782BE33D76,
				44F3B35A11E8412AE2F7F05B,
				26F9AA9AFE13B7B9B64B4381,
				E0AE128904FB1B6ECCB62547,
				15E70FE5FC0DF1887E09BB21,
				C459395F1F5D92CA6C054EC4,
				32FE1F93EB9CB42A357A8F24,
				F40F0C78CF2F382604B2A7A0,
				8D68A6F4DF522682779F9720,
				60D29D2A3DC61F88EC5FB427,
				EE4FC11B5F349A763F831127,
				B018073EA1E7EAB3ED8A076E,
			);
			name = Modules;
			sourceTree = "<group>";
		};
		D4F33025AB53370AC02831A6 = {
			isa = PBXGroup;
			children = (
				347E9538A9781D8FA92AA928,
			);
			name = Utilities;
			sourceTree = "<group>";
		};
		5D8C10DC0349CB9CF0B65D53 = {
			isa = PBXGroup;
			children = (
				48B1F92BF64FC9C71E9A6EF7,
				68DC3D93CCF72FF2BF8EEFE4,
				FB93A80988347CA22227DFB7,
				6B0A3C305090EC3BB906DB11,
				D4F33025AB53370AC02831A6,
				B52CB6681E8F927ACD6A5C2C,
				F3DE24B3EC438995C54FDEF8,
				FEBA4EEA127E9D71F1A2C223,
				1584E0EF5D8ABBA5B9424E70,
			);
			name = Source;
			sourceTree = "<group>";
		};
		B9973799CAA8B349CAFE94AE = {
			isa = PBXGroup;
			children = (
				E4E0AD712AE31322165015C0,
				E1DDEEB843285624CA41C960,
				C672FCC369EE762849659191,
				2E2036B17BD8514E13E5EC22,
			);
			name = core;
			sourceTree = "<group>";
		};
		E3C51083A073B01F263D6805 = {
			isa = PBXGroup;
			children = (
				CE13681468099B32145D9003,
				D42745B5C8A90FCABE30FA7E,
				E1B822FB49FEA8711D3BCFEA,
				A5F1B4657B01E83C8A63FEB7,
			);
			name = fft;
			sourceTree = "<group>";
		};
		B019787123C30E6994DBE906 = {
			isa = PBXGroup;
			children = (
				C38A0877B020E4C6990E7B60,
				BED949659883BBA5C72FEECF,
			);
			name = mfcc;
			sourceTree = "<group>";
		};
		E62CD509BD9D607DB39F550D = {
			isa = PBXGroup;
			children = (
				359349E94E72638FA8EB175F,
				2DD67AA37D3701E3DA3B125D,
			);
			name = "onset-detection-functions";
			sourceTree = "<group>";
		};
		A5A7A1125F45DC84BCA79DB8 = {
			isa = PBXGroup;
			children = (
				0937B5AA63A63F8AC9875399,
				6B5E96FC5BF92BEF36F186C9,
			);
			name = pitch;
			sourceTree = "<group>";
		};
		2D6C3631AE3D6B341ADC7253 = {
			isa = PBXGroup;
			children = (
				B9973799CAA8B349CAFE94AE,
				E3C51083A073B01F263D6805,
				B019787123C30E6994DBE906,
				E62CD509BD9D607DB39F550D,
				A5A7A1125F45DC84BCA79DB8,
				9A3E7A66B0BC317489FC89C9,
				02CC1AF3FEC224869730B2AF,
			);
			name = src;
			sourceTree = "<group>";
		};
		D538884AC885AFFB57D79834 = {
			isa = PBXGroup;
			children = (
				2D6C3631AE3D6B341ADC7253,
			);
			name = Gist;
			sourceTree = "<group>";
		};
		9C83F7DB1181E737BB42F5D2 = {
			isa = PBXGroup;
			children = (
				2351FAA0733847B3070491F9,
				EC6DC88E45592698BAFA894E,
				D542D772667F2B29AAA690F0,
				1276D0BF8914C410EFFF6E89,
				110355B2E1F72456F121EE92,
				EF5870FF1A822C530661722A,
			);
			name = "kiss_fft130";
			sourceTree = "<group>";
		};
		A7FDD8DD87D10A95A8A12654 = {
			isa = PBXGroup;
			children = (
				6647E72F9B1121B3F3D070D5,
				EA203C9D104AA77A32A1001E,
			);
			name = speex;
			sourceTree = "<group>";
		};
		544168BC9E9DE45704483334 = {
			isa = PBXGroup;
			children = (
				A7FDD8DD87D10A95A8A12654,
			);
			name = include;
			sourceTree = "<group>";
		};
		5CD8C874B02B274869F40FE8 = {
			isa = PBXGroup;
			children = (
				FB6F8480BECB7308A6421563,
				D99DFA7E7EFB96F2803A7EFB,
				0782BC5885032592ABF6B5E2,
				976A8695B6F0DE5476F05399,
				ECE60E99F5A09BAC61BEACFB,
			);
			name = libspeex;
			sourceTree = "<group>";
		};
		E2ED78D886B86468C08BB159 = {
			isa = PBXGroup;
			children = (
				544168BC9E9DE45704483334,
				5CD8C874B02B274869F40FE8,
				F035A9E25FCE695DF443F508,
				0B561D2BAABC082522897DF9,
				6439BF2E8F3188EAA373372F,
			);
			name = speex;
			sourceTree = "<group>";
		};
		F6AC5BFF426F1067086C21A5 = {
			isa = PBXGroup;
			children = (
				C8A6834766751D3B41FABB4F,
				646D4E51147086049C91ED55,
				4D24C7DD896D9C1CDBBFC2E3,
				316A86D42CCC4601E588A337,
				9CA2123FCC0EAFCBA3B34993,
			);
			name = "Stark-Plumbley";
			sourceTree = "<group>";
		};
		BB10437B0563EA2937A6E0CE = {
			isa = PBXGroup;
			children = (
				D538884AC885AFFB57D79834,
				9C83F7DB1181E737BB42F5D2,
				E2ED78D886B86468C08BB159,
				F6AC5BFF426F1067086C21A5,
				CC6166D9F09C0D06BCAE0F3C,
			);
			name = Libs;
			sourceTree = "<group>";
		};
		B367A839A4E0AD7F487DBF89 = {
			isa = PBXGroup;
			children = (
				536C029D40B8075F7987CCEC,
				5D8C10DC0349CB9CF0B65D53,
				BB10437B0563EA2937A6E0CE,
			);
			name = "Sound Analyser";
			sourceTree = "<group>";
		};
		6CB2D0E7B3D2AE1AF6A4CA8A = {
			isa = PBXGroup;
			children = (
				07D2E8B0720698268DBAA1CA,
				F1E649D1A19ADF1ECAD3E2CD,
				0C7EFED12736DD87AD95173E,
				CB7DBBD8075B4FEAF4BDA547,
				DFD0A1034F538B9197F53E3D,
				1AB019DC8C12BB3FB35FC152,
				B15DC28623FFDEA43686000F,
				3E87E4ADE909F7421C663636,
				5F15FB2BBB20099CA2FE3637,
				DCA70E9DBA9603227C5FA4FA,
				D097001AAB5A0E19A3CFA32D,
				65B4FDE7970DD8FE699A48F4,
				E183CACA41D1DBD1A8696BD0,
				0BC411327E2ED9C779369309,
				05AA864F276DE3D94BBD948D,
				3BA3453320535A6FC9E134B1,
			);
			name = "JUCE Modules";
			sourceTree = "<group>";
		};
		7D6A84F3D87B4C933AA36145 = {
			isa = PBXGroup;
			children = (
				E67DD875A1D79D882A765461,
				180FCA1BA35777BED387D3EF,
				F1D5268206A13234389FBD0E,
				6E15C209098A10BA459D99B8,
				3F355A020C5A88530869DCA3,
				90B2AD242A124F17E3ACA62A,
				847BB41A20F3907B429C3311,
				1418D3F4C288B5E59663984E,
				CEE68C7A69819288F0CFC1A8,
				C5FAC36C34560323AE8BF63B,
				DAA9E56FA074F0DFAAAAF463,
				7D72E108F8D81102880AD1AF,
				EDE3C0D0BAC473DB49178357,
				78FD33D1ADEA868E04D4D969,
				56CE902A6D34C0A373C0E863,
				4793BFE09897B9EDECE4A480,
				CE3053501239354D422336C8,
				E3C54A4860DC37F2076C2454,
				CB457CFE28C4F935D75CA239,
				4AC910569329EBB57961A0EA,
				59C04C221786A5B93CF26404,
				BFE4FD103F2CA3CB3E053C1E,
				16FDC849DE39C0381C342BC9,
				DD9AB1235A9B3A0825A51920,
				7928A244E82C90DB6A1639C4,
			);
			name = "JUCE Library Code";
			sourceTree = "<group>";
		};
		11B24442D38E64CE1BDCE8A2 = {
			isa = PBXGroup;
			children = (
				489E225EDC00588992DCEBBD,
				CD3580479F088B3CB536C08D,
				C3CF5A711E89A0D12620AA86,
			);
			name = Resources;
			sourceTree = "<group>";
		};
		7F93BC9005492277338B182C = {
			isa = PBXGroup;
			children = (
				AE2B10CE76154321FADE4BE2,
				2511CC3323CC3D2C375D2655,
				9F26BAF68F3EFA3C487D5E4A,
				D1683989DC4E4FDC985A74C2,
				02A4E0C1D8CE397DAE684467,
				91D68AC2781B750E09BABDAE,
				2489BE25BCE01F85E24F9F44,
				2EC57E05E32844AFAA693C08,
				1E3CD8291154149EC426BCB5,
				B751211E66D6E2B1573045C0,
				BDBEB0C47EE34FF8921A3227,
				30E7565BBFCF8D2299311C80,
				CE490E21A3FD906AB14D30CD,
				8209A67E60C6380A92794D3A,
				831146C9F1C2E8D99C8DB3FF,
				C0F44B699570C59A752F4EAA,
			);
			name = Frameworks;
			sourceTree = "<group>";
		};
		54D968CAC042509468ECBCDB = {
			isa = PBXGroup;
			children = (
				05648698B26B743E905403CC,
				30CF5540AEC602252A7F0C69,
				44661D4C435793235CC70B32,
			);
			name = Products;
			sourceTree = "<group>";
		};
		40CC69CF1B568B8C41CAC040 = {
			isa = PBXGroup;
			children = (
				B367A839A4E0AD7F487DBF89,
				6CB2D0E7B3D2AE1AF6A4CA8A,
				7D6A84F3D87B4C933AA36145,
				11B24442D38E64CE1BDCE8A2,
				7F93BC9005492277338B182C,
				54D968CAC042509468ECBCDB,
			);
			name = Source;
			sourceTree = "<group>";
		};
		4FF415A3BC018BC7D5263F07 = {
			isa = XCBuildConfiguration;
			buildSettings = {
				MACOSX_DEPLOYMENT_TARGET = 10.11;
				SDKROOT = macosx;
			};
			name = Debug;
		};
		E10FA897002DFF139BA52B9F = {
			isa = XCBuildConfiguration;
			buildSettings = {
				MACOSX_DEPLOYMENT_TARGET = 10.11;
				SDKROOT = macosx;
			};
			name = Release;
		};
		038F927A89567BD553D53072 = {
			isa = XCBuildConfiguration;
			buildSettings = {
				CLANG_CXX_LANGUAGE_STANDARD = "c++14";
				CLANG_CXX_LIBRARY = "libc++";
				CLANG_LINK_OBJC_RUNTIME = NO;
				CODE_SIGN_IDENTITY = "";
				COMBINE_HIDPI_IMAGES = YES;
				CONFIGURATION_BUILD_DIR = "$(PROJECT_DIR)/build/$(CONFIGURATION)";
				COPY_PHASE_STRIP = NO;
				DEPLOYMENT_LOCATION = YES;
				DSTROOT = /;
				GCC_DYNAMIC_NO_PIC = NO;
				GCC_OPTIMIZATION_LEVEL = 0;
				GCC_PREPROCESSOR_DEFINITIONS = (
					"_DEBUG=1",
					"DEBUG=1",
					"JUCER_XCODE_MAC_F6D2F4CF=1",
					"JUCE_APP_VERSION=1.0.3.alpha3",
					"JUCE_APP_VERSION_HEX=0x1000300",
					"JucePlugin_Build_VST=0",
					"JucePlugin_Build_VST3=0",
					"JucePlugin_Build_AU=1",
					"JucePlugin_Build_AUv3=0",
					"JucePlugin_Build_RTAS=0",
					"JucePlugin_Build_AAX=0",
					"JucePlugin_Build_Standalone=0",
					"JucePlugin_Build_Unity=0",
				);
				GCC_VERSION = com.apple.compilers.llvm.clang.1_0;
				GENERATE_PKGINFO_FILE = YES;
				HEADER_SEARCH_PATHS = (
					"../../JuceLibraryCode",
					"/Users/adamstark/Documents/Code/SDKs/JUCE/modules",
					"/Users/adamstark/Documents/Code/SDKs/JUCE/modules/juce_audio_plugin_client",
					"$(inherited)",
				);
				INFOPLIST_FILE = Info-AU.plist;
				INFOPLIST_PREPROCESS = NO;
				INSTALL_PATH = "$(HOME)/Library/Audio/Plug-Ins/Components/";
				LIBRARY_STYLE = Bundle;
				MACOSX_DEPLOYMENT_TARGET = 10.11;
				OTHER_CPLUSPLUSFLAGS = "-DUSE_ACCELERATE_FFT";
				OTHER_LDFLAGS = "-bundle -lSound\\ Analyser";
				OTHER_REZFLAGS = "-d ppc_$ppc -d i386_$i386 -d ppc64_$ppc64 -d x86_64_$x86_64 -I /System/Library/Frameworks/CoreServices.framework/Frameworks/CarbonCore.framework/Versions/A/Headers -I \"$(DEVELOPER_DIR)/Extras/CoreAudio/AudioUnits/AUPublic/AUBase\" -I \"$(DEVELOPER_DIR)/Platforms/MacOSX.platform/Developer/SDKs/MacOSX.sdk/System/Library/Frameworks/AudioUnit.framework/Headers\"";
				PRODUCT_BUNDLE_IDENTIFIER = com.adamstark.SoundAnalyser;
				PRODUCT_NAME = "Sound Analyser";
				USE_HEADERMAP = NO;
				WRAPPER_EXTENSION = component;
			};
			name = Debug;
		};
		AAFA7F41A7A3142A9F3EFE3F = {
			isa = XCBuildConfiguration;
			buildSettings = {
				CLANG_CXX_LANGUAGE_STANDARD = "c++14";
				CLANG_CXX_LIBRARY = "libc++";
				CLANG_LINK_OBJC_RUNTIME = NO;
				CODE_SIGN_IDENTITY = "";
				COMBINE_HIDPI_IMAGES = YES;
				CONFIGURATION_BUILD_DIR = "$(PROJECT_DIR)/build/$(CONFIGURATION)";
				DEAD_CODE_STRIPPING = YES;
				DEPLOYMENT_LOCATION = YES;
				DSTROOT = /;
				GCC_GENERATE_DEBUGGING_SYMBOLS = NO;
				GCC_OPTIMIZATION_LEVEL = 3;
				GCC_PREPROCESSOR_DEFINITIONS = (
					"_NDEBUG=1",
					"NDEBUG=1",
					"JUCER_XCODE_MAC_F6D2F4CF=1",
					"JUCE_APP_VERSION=1.0.3.alpha3",
					"JUCE_APP_VERSION_HEX=0x1000300",
					"JucePlugin_Build_VST=0",
					"JucePlugin_Build_VST3=0",
					"JucePlugin_Build_AU=1",
					"JucePlugin_Build_AUv3=0",
					"JucePlugin_Build_RTAS=0",
					"JucePlugin_Build_AAX=0",
					"JucePlugin_Build_Standalone=0",
					"JucePlugin_Build_Unity=0",
				);
				GCC_SYMBOLS_PRIVATE_EXTERN = YES;
				GCC_VERSION = com.apple.compilers.llvm.clang.1_0;
				GENERATE_PKGINFO_FILE = YES;
				HEADER_SEARCH_PATHS = (
					"../../JuceLibraryCode",
					"/Users/adamstark/Documents/Code/SDKs/JUCE/modules",
					"/Users/adamstark/Documents/Code/SDKs/JUCE/modules/juce_audio_plugin_client",
					"$(inherited)",
				);
				INFOPLIST_FILE = Info-AU.plist;
				INFOPLIST_PREPROCESS = NO;
				INSTALL_PATH = "$(HOME)/Library/Audio/Plug-Ins/Components/";
				LIBRARY_STYLE = Bundle;
				LLVM_LTO = YES;
				MACOSX_DEPLOYMENT_TARGET = 10.11;
				OTHER_CPLUSPLUSFLAGS = "-DUSE_ACCELERATE_FFT";
				OTHER_LDFLAGS = "-bundle -lSound\\ Analyser";
				OTHER_REZFLAGS = "-d ppc_$ppc -d i386_$i386 -d ppc64_$ppc64 -d x86_64_$x86_64 -I /System/Library/Frameworks/CoreServices.framework/Frameworks/CarbonCore.framework/Versions/A/Headers -I \"$(DEVELOPER_DIR)/Extras/CoreAudio/AudioUnits/AUPublic/AUBase\" -I \"$(DEVELOPER_DIR)/Platforms/MacOSX.platform/Developer/SDKs/MacOSX.sdk/System/Library/Frameworks/AudioUnit.framework/Headers\"";
				PRODUCT_BUNDLE_IDENTIFIER = com.adamstark.SoundAnalyser;
				PRODUCT_NAME = "Sound Analyser";
				USE_HEADERMAP = NO;
				WRAPPER_EXTENSION = component;
			};
			name = Release;
		};
		E3715458694BECBFCDA4F283 = {
			isa = XCBuildConfiguration;
			buildSettings = {
				CLANG_CXX_LANGUAGE_STANDARD = "c++14";
				CLANG_CXX_LIBRARY = "libc++";
				CLANG_LINK_OBJC_RUNTIME = NO;
				CODE_SIGN_IDENTITY = "";
				COMBINE_HIDPI_IMAGES = YES;
				CONFIGURATION_BUILD_DIR = "$(PROJECT_DIR)/build/$(CONFIGURATION)";
				COPY_PHASE_STRIP = NO;
				GCC_DYNAMIC_NO_PIC = NO;
				GCC_OPTIMIZATION_LEVEL = 0;
				GCC_PREPROCESSOR_DEFINITIONS = (
					"_DEBUG=1",
					"DEBUG=1",
					"JUCER_XCODE_MAC_F6D2F4CF=1",
					"JUCE_APP_VERSION=1.0.3.alpha3",
					"JUCE_APP_VERSION_HEX=0x1000300",
					"JucePlugin_Build_VST=0",
					"JucePlugin_Build_VST3=0",
					"JucePlugin_Build_AU=0",
					"JucePlugin_Build_AUv3=0",
					"JucePlugin_Build_RTAS=0",
					"JucePlugin_Build_AAX=0",
					"JucePlugin_Build_Standalone=1",
					"JucePlugin_Build_Unity=0",
				);
				GCC_VERSION = com.apple.compilers.llvm.clang.1_0;
				HEADER_SEARCH_PATHS = (
					"../../JuceLibraryCode",
					"/Users/adamstark/Documents/Code/SDKs/JUCE/modules",
					"/Users/adamstark/Documents/Code/SDKs/JUCE/modules/juce_audio_plugin_client",
					"$(inherited)",
				);
				INFOPLIST_FILE = Info-Standalone_Plugin.plist;
				INFOPLIST_PREPROCESS = NO;
				MACOSX_DEPLOYMENT_TARGET = 10.11;
				OTHER_CPLUSPLUSFLAGS = "-DUSE_ACCELERATE_FFT";
				OTHER_LDFLAGS = "-lSound\\ Analyser";
				PRODUCT_BUNDLE_IDENTIFIER = com.adamstark.SoundAnalyser;
				PRODUCT_NAME = "Sound Analyser";
				USE_HEADERMAP = NO;
			};
			name = Debug;
		};
		DE89AE3508A728068A2428F9 = {
			isa = XCBuildConfiguration;
			buildSettings = {
				CLANG_CXX_LANGUAGE_STANDARD = "c++14";
				CLANG_CXX_LIBRARY = "libc++";
				CLANG_LINK_OBJC_RUNTIME = NO;
				CODE_SIGN_IDENTITY = "";
				COMBINE_HIDPI_IMAGES = YES;
				CONFIGURATION_BUILD_DIR = "$(PROJECT_DIR)/build/$(CONFIGURATION)";
				DEAD_CODE_STRIPPING = YES;
				GCC_GENERATE_DEBUGGING_SYMBOLS = NO;
				GCC_OPTIMIZATION_LEVEL = 3;
				GCC_PREPROCESSOR_DEFINITIONS = (
					"_NDEBUG=1",
					"NDEBUG=1",
					"JUCER_XCODE_MAC_F6D2F4CF=1",
					"JUCE_APP_VERSION=1.0.3.alpha3",
					"JUCE_APP_VERSION_HEX=0x1000300",
					"JucePlugin_Build_VST=0",
					"JucePlugin_Build_VST3=0",
					"JucePlugin_Build_AU=0",
					"JucePlugin_Build_AUv3=0",
					"JucePlugin_Build_RTAS=0",
					"JucePlugin_Build_AAX=0",
					"JucePlugin_Build_Standalone=1",
					"JucePlugin_Build_Unity=0",
				);
				GCC_SYMBOLS_PRIVATE_EXTERN = YES;
				GCC_VERSION = com.apple.compilers.llvm.clang.1_0;
				HEADER_SEARCH_PATHS = (
					"../../JuceLibraryCode",
					"/Users/adamstark/Documents/Code/SDKs/JUCE/modules",
					"/Users/adamstark/Documents/Code/SDKs/JUCE/modules/juce_audio_plugin_client",
					"$(inherited)",
				);
				INFOPLIST_FILE = Info-Standalone_Plugin.plist;
				INFOPLIST_PREPROCESS = NO;
				LLVM_LTO = YES;
				MACOSX_DEPLOYMENT_TARGET = 10.11;
				OTHER_CPLUSPLUSFLAGS = "-DUSE_ACCELERATE_FFT";
				OTHER_LDFLAGS = "-lSound\\ Analyser";
				PRODUCT_BUNDLE_IDENTIFIER = com.adamstark.SoundAnalyser;
				PRODUCT_NAME = "Sound Analyser";
				USE_HEADERMAP = NO;
			};
			name = Release;
		};
		23493565D279589D9DE2B89B = {
			isa = XCBuildConfiguration;
			buildSettings = {
				CLANG_CXX_LANGUAGE_STANDARD = "c++14";
				CLANG_CXX_LIBRARY = "libc++";
				CLANG_LINK_OBJC_RUNTIME = NO;
				CODE_SIGN_IDENTITY = "";
				COMBINE_HIDPI_IMAGES = YES;
				CONFIGURATION_BUILD_DIR = "$(PROJECT_DIR)/build/$(CONFIGURATION)";
				COPY_PHASE_STRIP = NO;
				GCC_DYNAMIC_NO_PIC = NO;
				GCC_OPTIMIZATION_LEVEL = 0;
				GCC_PREPROCESSOR_DEFINITIONS = (
					"_DEBUG=1",
					"DEBUG=1",
					"JUCER_XCODE_MAC_F6D2F4CF=1",
					"JUCE_APP_VERSION=1.0.3.alpha3",
					"JUCE_APP_VERSION_HEX=0x1000300",
					"JucePlugin_Build_VST=0",
					"JucePlugin_Build_VST3=0",
					"JucePlugin_Build_AU=1",
					"JucePlugin_Build_AUv3=0",
					"JucePlugin_Build_RTAS=0",
					"JucePlugin_Build_AAX=0",
					"JucePlugin_Build_Standalone=1",
					"JucePlugin_Build_Unity=0",
					"JUCE_SHARED_CODE=1",
				);
				GCC_VERSION = com.apple.compilers.llvm.clang.1_0;
				HEADER_SEARCH_PATHS = (
					"../../JuceLibraryCode",
					"/Users/adamstark/Documents/Code/SDKs/JUCE/modules",
					"/Users/adamstark/Documents/Code/SDKs/JUCE/modules/juce_audio_plugin_client",
					"$(inherited)",
				);
				INSTALL_PATH = "@executable_path/../Frameworks";
				MACOSX_DEPLOYMENT_TARGET = 10.11;
				OTHER_CPLUSPLUSFLAGS = "-DUSE_ACCELERATE_FFT";
				PRODUCT_BUNDLE_IDENTIFIER = com.adamstark.SoundAnalyser;
				PRODUCT_NAME = "Sound Analyser";
				SKIP_INSTALL = YES;
				USE_HEADERMAP = NO;
			};
			name = Debug;
		};
		B6AE9FC59B54D8A5D15DC36A = {
			isa = XCBuildConfiguration;
			buildSettings = {
				CLANG_CXX_LANGUAGE_STANDARD = "c++14";
				CLANG_CXX_LIBRARY = "libc++";
				CLANG_LINK_OBJC_RUNTIME = NO;
				CODE_SIGN_IDENTITY = "";
				COMBINE_HIDPI_IMAGES = YES;
				CONFIGURATION_BUILD_DIR = "$(PROJECT_DIR)/build/$(CONFIGURATION)";
				DEAD_CODE_STRIPPING = YES;
				GCC_GENERATE_DEBUGGING_SYMBOLS = NO;
				GCC_OPTIMIZATION_LEVEL = 3;
				GCC_PREPROCESSOR_DEFINITIONS = (
					"_NDEBUG=1",
					"NDEBUG=1",
					"JUCER_XCODE_MAC_F6D2F4CF=1",
					"JUCE_APP_VERSION=1.0.3.alpha3",
					"JUCE_APP_VERSION_HEX=0x1000300",
					"JucePlugin_Build_VST=0",
					"JucePlugin_Build_VST3=0",
					"JucePlugin_Build_AU=1",
					"JucePlugin_Build_AUv3=0",
					"JucePlugin_Build_RTAS=0",
					"JucePlugin_Build_AAX=0",
					"JucePlugin_Build_Standalone=1",
					"JucePlugin_Build_Unity=0",
					"JUCE_SHARED_CODE=1",
				);
				GCC_SYMBOLS_PRIVATE_EXTERN = YES;
				GCC_VERSION = com.apple.compilers.llvm.clang.1_0;
				HEADER_SEARCH_PATHS = (
					"../../JuceLibraryCode",
					"/Users/adamstark/Documents/Code/SDKs/JUCE/modules",
					"/Users/adamstark/Documents/Code/SDKs/JUCE/modules/juce_audio_plugin_client",
					"$(inherited)",
				);
				INSTALL_PATH = "@executable_path/../Frameworks";
				LLVM_LTO = YES;
				MACOSX_DEPLOYMENT_TARGET = 10.11;
				OTHER_CPLUSPLUSFLAGS = "-DUSE_ACCELERATE_FFT";
				PRODUCT_BUNDLE_IDENTIFIER = com.adamstark.SoundAnalyser;
				PRODUCT_NAME = "Sound Analyser";
				SKIP_INSTALL = YES;
				USE_HEADERMAP = NO;
			};
			name = Release;
		};
		619D2F762C70B50A1BDD4D1D = {
			isa = XCBuildConfiguration;
			buildSettings = {
				ALWAYS_SEARCH_USER_PATHS = NO;
				CLANG_ENABLE_OBJC_WEAK = YES;
				CLANG_WARN_BLOCK_CAPTURE_AUTORELEASING = YES;
				CLANG_WARN_BOOL_CONVERSION = YES;
				CLANG_WARN_COMMA = YES;
				CLANG_WARN_CONSTANT_CONVERSION = YES;
				CLANG_WARN_DEPRECATED_OBJC_IMPLEMENTATIONS = YES;
				CLANG_WARN_EMPTY_BODY = YES;
				CLANG_WARN_ENUM_CONVERSION = YES;
				CLANG_WARN_INFINITE_RECURSION = YES;
				CLANG_WARN_INT_CONVERSION = YES;
				CLANG_WARN_NON_LITERAL_NULL_CONVERSION = YES;
				CLANG_WARN_OBJC_IMPLICIT_RETAIN_SELF = YES;
				CLANG_WARN_OBJC_LITERAL_CONVERSION = YES;
				CLANG_WARN_RANGE_LOOP_ANALYSIS = YES;
				CLANG_WARN_STRICT_PROTOTYPES = YES;
				CLANG_WARN_SUSPICIOUS_MOVE = YES;
				CLANG_WARN_UNREACHABLE_CODE = YES;
				CLANG_WARN__DUPLICATE_METHOD_MATCH = YES;
				CODE_SIGN_IDENTITY = "";
				DEBUG_INFORMATION_FORMAT = dwarf;
				ENABLE_STRICT_OBJC_MSGSEND = YES;
				ENABLE_TESTABILITY = YES;
				GCC_C_LANGUAGE_STANDARD = c11;
				GCC_INLINES_ARE_PRIVATE_EXTERN = YES;
				GCC_MODEL_TUNING = G5;
				GCC_NO_COMMON_BLOCKS = YES;
				GCC_WARN_64_TO_32_BIT_CONVERSION = YES;
				GCC_WARN_ABOUT_RETURN_TYPE = YES;
				GCC_WARN_CHECK_SWITCH_STATEMENTS = YES;
				GCC_WARN_MISSING_PARENTHESES = YES;
				GCC_WARN_NON_VIRTUAL_DESTRUCTOR = YES;
				GCC_WARN_TYPECHECK_CALLS_TO_PRINTF = YES;
				GCC_WARN_UNDECLARED_SELECTOR = YES;
				GCC_WARN_UNINITIALIZED_AUTOS = YES;
				GCC_WARN_UNUSED_FUNCTION = YES;
				GCC_WARN_UNUSED_VARIABLE = YES;
				ONLY_ACTIVE_ARCH = YES;
				PRODUCT_NAME = "Sound Analyser";
				SDKROOT = macosx;
				WARNING_CFLAGS = "-Wreorder";
				ZERO_LINK = NO;
			};
			name = Debug;
		};
		BD5B59EE4E494FDA4D13C8BB = {
			isa = XCBuildConfiguration;
			buildSettings = {
				ALWAYS_SEARCH_USER_PATHS = NO;
				CLANG_ENABLE_OBJC_WEAK = YES;
				CLANG_WARN_BLOCK_CAPTURE_AUTORELEASING = YES;
				CLANG_WARN_BOOL_CONVERSION = YES;
				CLANG_WARN_COMMA = YES;
				CLANG_WARN_CONSTANT_CONVERSION = YES;
				CLANG_WARN_DEPRECATED_OBJC_IMPLEMENTATIONS = YES;
				CLANG_WARN_EMPTY_BODY = YES;
				CLANG_WARN_ENUM_CONVERSION = YES;
				CLANG_WARN_INFINITE_RECURSION = YES;
				CLANG_WARN_INT_CONVERSION = YES;
				CLANG_WARN_NON_LITERAL_NULL_CONVERSION = YES;
				CLANG_WARN_OBJC_IMPLICIT_RETAIN_SELF = YES;
				CLANG_WARN_OBJC_LITERAL_CONVERSION = YES;
				CLANG_WARN_RANGE_LOOP_ANALYSIS = YES;
				CLANG_WARN_STRICT_PROTOTYPES = YES;
				CLANG_WARN_SUSPICIOUS_MOVE = YES;
				CLANG_WARN_UNREACHABLE_CODE = YES;
				CLANG_WARN__DUPLICATE_METHOD_MATCH = YES;
				CODE_SIGN_IDENTITY = "";
				DEBUG_INFORMATION_FORMAT = dwarf;
				ENABLE_STRICT_OBJC_MSGSEND = YES;
				GCC_C_LANGUAGE_STANDARD = c11;
				GCC_INLINES_ARE_PRIVATE_EXTERN = YES;
				GCC_MODEL_TUNING = G5;
				GCC_NO_COMMON_BLOCKS = YES;
				GCC_WARN_64_TO_32_BIT_CONVERSION = YES;
				GCC_WARN_ABOUT_RETURN_TYPE = YES;
				GCC_WARN_CHECK_SWITCH_STATEMENTS = YES;
				GCC_WARN_MISSING_PARENTHESES = YES;
				GCC_WARN_NON_VIRTUAL_DESTRUCTOR = YES;
				GCC_WARN_TYPECHECK_CALLS_TO_PRINTF = YES;
				GCC_WARN_UNDECLARED_SELECTOR = YES;
				GCC_WARN_UNINITIALIZED_AUTOS = YES;
				GCC_WARN_UNUSED_FUNCTION = YES;
				GCC_WARN_UNUSED_VARIABLE = YES;
				PRODUCT_NAME = "Sound Analyser";
				SDKROOT = macosx;
				WARNING_CFLAGS = "-Wreorder";
				ZERO_LINK = NO;
			};
			name = Release;
		};
		3B34A4E5CE93C4EC86DDC738 = {
			isa = PBXTargetDependency;
			target = 8CBC6694A419B101D2DBE51D;
		};
		C4ECEE62B9C7AF76A42DEE15 = {
			isa = PBXTargetDependency;
			target = 015F1C6A7F00B72E5E7E1AEC;
		};
		D41863A4DFA15DF8B95E3814 = {
			isa = PBXTargetDependency;
			target = 5F52355BD8291B40EDE60884;
		};
		3CDDD4FD1F27364C8F5CAA11 = {
			isa = XCConfigurationList;
			buildConfigurations = (
				619D2F762C70B50A1BDD4D1D,
				BD5B59EE4E494FDA4D13C8BB,
			);
			defaultConfigurationIsVisible = 0;
			defaultConfigurationName = Debug;
		};
		20DAEFFF19913FADBA6F123C = {
			isa = XCConfigurationList;
			buildConfigurations = (
				4FF415A3BC018BC7D5263F07,
				E10FA897002DFF139BA52B9F,
			);
			defaultConfigurationIsVisible = 0;
			defaultConfigurationName = Debug;
		};
		E78C41C1451837162EDE313B = {
			isa = PBXAggregateTarget;
			buildConfigurationList = 20DAEFFF19913FADBA6F123C;
			buildPhases = ( );
			buildRules = ( );
			dependencies = (
				3B34A4E5CE93C4EC86DDC738,
				C4ECEE62B9C7AF76A42DEE15,
				D41863A4DFA15DF8B95E3814,
			);
			name = "Sound Analyser - All";
			productName = "Sound Analyser";
		};
		E62CEB5F4C10B78A6A7F26EF = {
			isa = XCConfigurationList;
			buildConfigurations = (
				038F927A89567BD553D53072,
				AAFA7F41A7A3142A9F3EFE3F,
			);
			defaultConfigurationIsVisible = 0;
			defaultConfigurationName = Debug;
		};
		9511C144D4B89960923BAFD3 = {
			isa = PBXResourcesBuildPhase;
			buildActionMask = 2147483647;
			files = (
				ED1FDF8C41B502F4D3BD7443,
			);
			runOnlyForDeploymentPostprocessing = 0;
		};
		583E0EDD6130F5808E8BB96E = {
			isa = PBXRezBuildPhase;
			buildActionMask = 2147483647;
			files = (
				7E0510AE5566F3F951891EFA,
			);
			runOnlyForDeploymentPostprocessing = 0;
		};
		0057657053E12017525E7FEF = {
			isa = PBXSourcesBuildPhase;
			buildActionMask = 2147483647;
			files = (
				8AEB32A1794EE3A9F1CF26F8,
				895B5367B20FB54AE3597CF6,
			);
			runOnlyForDeploymentPostprocessing = 0;
		};
		1EA807222E3AF82E1A034989 = {
			isa = PBXFrameworksBuildPhase;
			buildActionMask = 2147483647;
			files = (
				53DE4C7728CE2576A2705F82,
				68B2E61B4E2C82E769732E84,
				BC8F34B094D1AC27332C7EF8,
				D4B84EEE3AB900B7C31A1A90,
				65252A54256CD0278CCAA891,
				D83A209E81CCB9B48636E6F9,
				C259D2C116013F03D7D3F67C,
				8713B809BC69560A2BBACE13,
				03D4D92928D2087653DDA067,
				1FAE7BAA37BF5C58479D5EB1,
				D618FA86E258279B63939783,
				9D8417925125F5A3375E6A80,
				BA2A4063A0C8E81E78B403BB,
				FDBD322D656084DA2FF23C65,
				FF1002834AF7A22E7EB476D3,
				8C73CE84ED6BDC40DEE7E3E3,
			);
			runOnlyForDeploymentPostprocessing = 0;
		};
		8CBC6694A419B101D2DBE51D = {
			isa = PBXNativeTarget;
			buildConfigurationList = E62CEB5F4C10B78A6A7F26EF;
			buildPhases = (
				9511C144D4B89960923BAFD3,
				583E0EDD6130F5808E8BB96E,
				0057657053E12017525E7FEF,
				1EA807222E3AF82E1A034989,
			);
			buildRules = ( );
			dependencies = (
				D41863A4DFA15DF8B95E3814,
			);
			name = "Sound Analyser - AU";
			productName = "Sound Analyser";
			productReference = 05648698B26B743E905403CC;
			productType = "com.apple.product-type.bundle";
		};
		E640239E26CFDB316E0B6BE6 = {
			isa = XCConfigurationList;
			buildConfigurations = (
				E3715458694BECBFCDA4F283,
				DE89AE3508A728068A2428F9,
			);
			defaultConfigurationIsVisible = 0;
			defaultConfigurationName = Debug;
		};
		31285076EF30FC0933285548 = {
			isa = PBXResourcesBuildPhase;
			buildActionMask = 2147483647;
			files = (
				ED1FDF8C41B502F4D3BD7443,
			);
			runOnlyForDeploymentPostprocessing = 0;
		};
		C404FBA504FAA085AC82276F = {
			isa = PBXSourcesBuildPhase;
			buildActionMask = 2147483647;
			files = (
				93A7AEC4922FBF903A6A06E0,
			);
			runOnlyForDeploymentPostprocessing = 0;
		};
		8B8D4841EC6E71E86D1324AA = {
			isa = PBXFrameworksBuildPhase;
			buildActionMask = 2147483647;
			files = (
				68B2E61B4E2C82E769732E84,
				BC8F34B094D1AC27332C7EF8,
				D4B84EEE3AB900B7C31A1A90,
				65252A54256CD0278CCAA891,
				D83A209E81CCB9B48636E6F9,
				C259D2C116013F03D7D3F67C,
				8713B809BC69560A2BBACE13,
				03D4D92928D2087653DDA067,
				1FAE7BAA37BF5C58479D5EB1,
				D618FA86E258279B63939783,
				9D8417925125F5A3375E6A80,
				BA2A4063A0C8E81E78B403BB,
				FDBD322D656084DA2FF23C65,
				FF1002834AF7A22E7EB476D3,
				8C73CE84ED6BDC40DEE7E3E3,
			);
			runOnlyForDeploymentPostprocessing = 0;
		};
		015F1C6A7F00B72E5E7E1AEC = {
			isa = PBXNativeTarget;
			buildConfigurationList = E640239E26CFDB316E0B6BE6;
			buildPhases = (
				31285076EF30FC0933285548,
				C404FBA504FAA085AC82276F,
				8B8D4841EC6E71E86D1324AA,
			);
			buildRules = ( );
			dependencies = (
				D41863A4DFA15DF8B95E3814,
			);
			name = "Sound Analyser - Standalone Plugin";
			productName = "Sound Analyser";
			productReference = 30CF5540AEC602252A7F0C69;
			productType = "com.apple.product-type.application";
		};
		50DC10B044BE38F30664263A = {
			isa = XCConfigurationList;
			buildConfigurations = (
				23493565D279589D9DE2B89B,
				B6AE9FC59B54D8A5D15DC36A,
			);
			defaultConfigurationIsVisible = 0;
			defaultConfigurationName = Debug;
		};
		C6984244BE788FA491FA7F15 = {
			isa = PBXSourcesBuildPhase;
			buildActionMask = 2147483647;
			files = (
				F2CD0F039201509512DE0D94,
				2DF6C97FBAB6B393343145AD,
				249A0E7F97C75B48A6EE48AE,
				79BBA04ED6077B8827B1BB2B,
				41C7019FB8F12CD91C3A14D0,
				76F759E0E26DD3A70622A6DC,
				87B526157C6907611F23D3B5,
				2E79D1CB0CDB375029C7D60E,
				7EE7D72634798AECC8DBB797,
				70B712912955EA25EB10391C,
				8862973E8779C830260736DF,
				8CF2F8F5ECD71A2DC1786E32,
				7128EF7A4C5D524FBF8ACDE0,
				018B1FDB0040D7C42BF8A025,
				89125B1A7F5109E966DABDA0,
				0F8233BB9EDDA29E5C7B3ED5,
				6A67914D29C27DA93E5FCD47,
				5915CEC1C5CEBFE04F69A70C,
				3BCEA4F6A394CF01E3580C47,
				801AD5B26B195A6FC452486F,
				1DAB41C5FC2B8A614A5161ED,
				DA139DDD8F54ECA6567826F4,
				8B2CA4C6A5899C96D2FFF27E,
				31D277DE46F405EC464EB667,
				1225D770F8337D8035A1D9CC,
				78265B4D046D5038A76132D6,
				60908DFD120C17E4617EA340,
				4507E1CB504BEE19138F9317,
				2A24F828F2E69317E749C1FD,
				3EAB2C43E35CA6DD827B619D,
				4F9A99F37B72096C5A6A883F,
				3969C6B945B84C7D819DE782,
				A55E03C9817F3F011B47E01D,
				4B4D3714A9DD5DFD42E8C407,
				6627EE4FA4F557AC144BA272,
				8CE1AA791095F76BC44953D4,
				E6465B10960D78AF333D61BD,
				241D4023513DFF5592BCAB17,
				6304A830CDD86303A1E7E085,
				68F0DAADC33577A6A82E5A3E,
				16CF51138852EB4C10A59CF6,
				09A5B1B22F0EFAFA23454003,
				AD7B2B96697483E9A524BB45,
			);
			runOnlyForDeploymentPostprocessing = 0;
		};
		5F52355BD8291B40EDE60884 = {
			isa = PBXNativeTarget;
			buildConfigurationList = 50DC10B044BE38F30664263A;
			buildPhases = (
				C6984244BE788FA491FA7F15,
			);
			buildRules = ( );
			dependencies = ( );
			name = "Sound Analyser - Shared Code";
			productName = "Sound Analyser";
			productReference = 44661D4C435793235CC70B32;
			productType = "com.apple.product-type.library.static";
		};
		63D1254923B6962B2AEF2CB4 = {
			isa = PBXProject;
			buildConfigurationList = 3CDDD4FD1F27364C8F5CAA11;
			attributes = { LastUpgradeCheck = 1100; ORGANIZATIONNAME = "Adam Stark"; TargetAttributes = { E78C41C1451837162EDE313B = { SystemCapabilities = {com.apple.ApplicationGroups.iOS = { enabled = 0; }; com.apple.InAppPurchase = { enabled = 0; }; com.apple.InterAppAudio = { enabled = 0; }; com.apple.Push = { enabled = 0; }; com.apple.Sandbox = { enabled = 0; }; com.apple.HardenedRuntime = { enabled = 0; }; }; };8CBC6694A419B101D2DBE51D = { SystemCapabilities = {com.apple.ApplicationGroups.iOS = { enabled = 0; }; com.apple.InAppPurchase = { enabled = 0; }; com.apple.InterAppAudio = { enabled = 0; }; com.apple.Push = { enabled = 0; }; com.apple.Sandbox = { enabled = 0; }; com.apple.HardenedRuntime = { enabled = 0; }; }; };015F1C6A7F00B72E5E7E1AEC = { SystemCapabilities = {com.apple.ApplicationGroups.iOS = { enabled = 0; }; com.apple.InAppPurchase = { enabled = 0; }; com.apple.InterAppAudio = { enabled = 0; }; com.apple.Push = { enabled = 0; }; com.apple.Sandbox = { enabled = 0; }; com.apple.HardenedRuntime = { enabled = 0; }; }; };5F52355BD8291B40EDE60884 = { SystemCapabilities = {com.apple.ApplicationGroups.iOS = { enabled = 0; }; com.apple.InAppPurchase = { enabled = 0; }; com.apple.InterAppAudio = { enabled = 0; }; com.apple.Push = { enabled = 0; }; com.apple.Sandbox = { enabled = 0; }; com.apple.HardenedRuntime = { enabled = 0; }; }; }; }; };
			compatibilityVersion = "Xcode 3.2";
			hasScannedForEncodings = 0;
			mainGroup = 40CC69CF1B568B8C41CAC040;
			projectDirPath = "";
			projectRoot = "";
			targets = (E78C41C1451837162EDE313B, 8CBC6694A419B101D2DBE51D, 015F1C6A7F00B72E5E7E1AEC, 5F52355BD8291B40EDE60884);
			knownRegions = (en, Base);
		};
	};
	rootObject = 63D1254923B6962B2AEF2CB4;
}
